// !$*UTF8*$!
{
	archiveVersion = 1;
	classes = {
	};
	objectVersion = 46;
	objects = {

/* Begin PBXBuildFile section */
		7E0498D41C647ED800C244AD /* 英語劇.png in Resources */ = {isa = PBXBuildFile; fileRef = 7E0498D31C647ED800C244AD /* 英語劇.png */; };
		7E3EB4661C79BC4A00F3B2A0 /* 講堂劇 アイコン.png in Resources */ = {isa = PBXBuildFile; fileRef = 7E3EB4651C79BC4A00F3B2A0 /* 講堂劇 アイコン.png */; };
		7E3EB4781C79D97200F3B2A0 /* 英語劇-タイムテーブル.png in Resources */ = {isa = PBXBuildFile; fileRef = 7E3EB4771C79D97200F3B2A0 /* 英語劇-タイムテーブル.png */; };
		7E3EB47B1C79DAB900F3B2A0 /* TimetableViewController.m in Sources */ = {isa = PBXBuildFile; fileRef = 7E3EB47A1C79DAB900F3B2A0 /* TimetableViewController.m */; };
		7E4D55AE1C49315C00BFE19C /* main.m in Sources */ = {isa = PBXBuildFile; fileRef = 7E4D55AD1C49315C00BFE19C /* main.m */; };
		7E4D55B11C49315C00BFE19C /* AppDelegate.m in Sources */ = {isa = PBXBuildFile; fileRef = 7E4D55B01C49315C00BFE19C /* AppDelegate.m */; };
		7E4D55B41C49315C00BFE19C /* ViewController.m in Sources */ = {isa = PBXBuildFile; fileRef = 7E4D55B31C49315C00BFE19C /* ViewController.m */; };
		7E4D55B71C49315C00BFE19C /* Main.storyboard in Resources */ = {isa = PBXBuildFile; fileRef = 7E4D55B51C49315C00BFE19C /* Main.storyboard */; };
		7E4D55B91C49315C00BFE19C /* Images.xcassets in Resources */ = {isa = PBXBuildFile; fileRef = 7E4D55B81C49315C00BFE19C /* Images.xcassets */; };
		7E4D55C81C49315C00BFE19C /* Seiko_Festa_57thTests.m in Sources */ = {isa = PBXBuildFile; fileRef = 7E4D55C71C49315C00BFE19C /* Seiko_Festa_57thTests.m */; };
		7E4D55D51C4945DE00BFE19C /* ダンス.png in Resources */ = {isa = PBXBuildFile; fileRef = 7E4D55D41C4945DE00BFE19C /* ダンス.png */; };
		7E4D55D71C495FEA00BFE19C /* アプリ局.png in Resources */ = {isa = PBXBuildFile; fileRef = 7E4D55D61C495FEA00BFE19C /* アプリ局.png */; };
		7E4D55D91C4C007A00BFE19C /* お好み焼き.jpg in Resources */ = {isa = PBXBuildFile; fileRef = 7E4D55D81C4C007900BFE19C /* お好み焼き.jpg */; };
		7ED1CBF81C983AB300D4F038 /* 男子No.1決定戦2.png in Resources */ = {isa = PBXBuildFile; fileRef = 7ED1CBF71C983AB300D4F038 /* 男子No.1決定戦2.png */; };
		7ED1CBFC1C9842A900D4F038 /* 校長対談.png in Resources */ = {isa = PBXBuildFile; fileRef = 7ED1CBFB1C9842A900D4F038 /* 校長対談.png */; };
		7ED1CBFE1C98432500D4F038 /* 英語劇 アイコン.png in Resources */ = {isa = PBXBuildFile; fileRef = 7ED1CBFD1C98432500D4F038 /* 英語劇 アイコン.png */; };
		7ED1CC001C9845CA00D4F038 /* グリークラブ.png in Resources */ = {isa = PBXBuildFile; fileRef = 7ED1CBFF1C9845CA00D4F038 /* グリークラブ.png */; };
		7ED21AB61C79986D00AA9E83 /* QuartzCore.framework in Frameworks */ = {isa = PBXBuildFile; fileRef = 7ED21AB51C79986D00AA9E83 /* QuartzCore.framework */; };
		7ED21AB81C7998B900AA9E83 /* CoreGraphics.framework in Frameworks */ = {isa = PBXBuildFile; fileRef = 7ED21AB71C7998B900AA9E83 /* CoreGraphics.framework */; };
		7ED21ABB1C79998200AA9E83 /* AVFoundation.framework in Frameworks */ = {isa = PBXBuildFile; fileRef = 7ED21ABA1C79998200AA9E83 /* AVFoundation.framework */; };
		FA09ECC81C955C6700D8925B /* map.jpg in Resources */ = {isa = PBXBuildFile; fileRef = FA09ECC71C955C6700D8925B /* map.jpg */; };
		FA6605B81C959A5900EC4011 /* Right.png in Resources */ = {isa = PBXBuildFile; fileRef = FA6605B61C959A5900EC4011 /* Right.png */; };
		FA6605B91C959A5900EC4011 /* Left.png in Resources */ = {isa = PBXBuildFile; fileRef = FA6605B71C959A5900EC4011 /* Left.png */; };
		FABB0BDF1C560EEC0009ABAA /* ListView.m in Sources */ = {isa = PBXBuildFile; fileRef = FABB0BDE1C560EEC0009ABAA /* ListView.m */; };
		FABB0BE21C560F040009ABAA /* DetailView.m in Sources */ = {isa = PBXBuildFile; fileRef = FABB0BE11C560F040009ABAA /* DetailView.m */; };
		FABB0BE41C56116E0009ABAA /* ウータン.png in Resources */ = {isa = PBXBuildFile; fileRef = FABB0BE31C56116E0009ABAA /* ウータン.png */; };
/* End PBXBuildFile section */

/* Begin PBXContainerItemProxy section */
		7E4D55C21C49315C00BFE19C /* PBXContainerItemProxy */ = {
			isa = PBXContainerItemProxy;
			containerPortal = 7E4D55A01C49315B00BFE19C /* Project object */;
			proxyType = 1;
			remoteGlobalIDString = 7E4D55A71C49315B00BFE19C;
			remoteInfo = "Seiko Festa 57th";
		};
/* End PBXContainerItemProxy section */

/* Begin PBXFileReference section */
		7E0498D31C647ED800C244AD /* 英語劇.png */ = {isa = PBXFileReference; lastKnownFileType = image.png; path = "英語劇.png"; sourceTree = "<group>"; };
		7E3EB4651C79BC4A00F3B2A0 /* 講堂劇 アイコン.png */ = {isa = PBXFileReference; lastKnownFileType = image.png; path = "講堂劇 アイコン.png"; sourceTree = "<group>"; };
		7E3EB4771C79D97200F3B2A0 /* 英語劇-タイムテーブル.png */ = {isa = PBXFileReference; lastKnownFileType = image.png; path = "英語劇-タイムテーブル.png"; sourceTree = "<group>"; };
		7E3EB4791C79DAB900F3B2A0 /* TimetableViewController.h */ = {isa = PBXFileReference; fileEncoding = 4; lastKnownFileType = sourcecode.c.h; name = TimetableViewController.h; path = ../TimetableViewController.h; sourceTree = "<group>"; };
		7E3EB47A1C79DAB900F3B2A0 /* TimetableViewController.m */ = {isa = PBXFileReference; fileEncoding = 4; lastKnownFileType = sourcecode.c.objc; name = TimetableViewController.m; path = ../TimetableViewController.m; sourceTree = "<group>"; };
		7E4D55A81C49315B00BFE19C /* Seiko Festa 57th.app */ = {isa = PBXFileReference; explicitFileType = wrapper.application; includeInIndex = 0; path = "Seiko Festa 57th.app"; sourceTree = BUILT_PRODUCTS_DIR; };
		7E4D55AC1C49315C00BFE19C /* Info.plist */ = {isa = PBXFileReference; lastKnownFileType = text.plist.xml; path = Info.plist; sourceTree = "<group>"; };
		7E4D55AD1C49315C00BFE19C /* main.m */ = {isa = PBXFileReference; lastKnownFileType = sourcecode.c.objc; path = main.m; sourceTree = "<group>"; };
		7E4D55AF1C49315C00BFE19C /* AppDelegate.h */ = {isa = PBXFileReference; lastKnownFileType = sourcecode.c.h; path = AppDelegate.h; sourceTree = "<group>"; };
		7E4D55B01C49315C00BFE19C /* AppDelegate.m */ = {isa = PBXFileReference; lastKnownFileType = sourcecode.c.objc; path = AppDelegate.m; sourceTree = "<group>"; };
		7E4D55B21C49315C00BFE19C /* ViewController.h */ = {isa = PBXFileReference; lastKnownFileType = sourcecode.c.h; path = ViewController.h; sourceTree = "<group>"; };
		7E4D55B31C49315C00BFE19C /* ViewController.m */ = {isa = PBXFileReference; lastKnownFileType = sourcecode.c.objc; path = ViewController.m; sourceTree = "<group>"; };
		7E4D55B61C49315C00BFE19C /* Base */ = {isa = PBXFileReference; lastKnownFileType = file.storyboard; name = Base; path = Base.lproj/Main.storyboard; sourceTree = "<group>"; };
		7E4D55B81C49315C00BFE19C /* Images.xcassets */ = {isa = PBXFileReference; lastKnownFileType = folder.assetcatalog; path = Images.xcassets; sourceTree = "<group>"; };
		7E4D55C11C49315C00BFE19C /* Seiko Festa 57thTests.xctest */ = {isa = PBXFileReference; explicitFileType = wrapper.cfbundle; includeInIndex = 0; path = "Seiko Festa 57thTests.xctest"; sourceTree = BUILT_PRODUCTS_DIR; };
		7E4D55C61C49315C00BFE19C /* Info.plist */ = {isa = PBXFileReference; lastKnownFileType = text.plist.xml; path = Info.plist; sourceTree = "<group>"; };
		7E4D55C71C49315C00BFE19C /* Seiko_Festa_57thTests.m */ = {isa = PBXFileReference; lastKnownFileType = sourcecode.c.objc; path = Seiko_Festa_57thTests.m; sourceTree = "<group>"; };
		7E4D55D41C4945DE00BFE19C /* ダンス.png */ = {isa = PBXFileReference; lastKnownFileType = image.png; path = "ダンス.png"; sourceTree = "<group>"; };
		7E4D55D61C495FEA00BFE19C /* アプリ局.png */ = {isa = PBXFileReference; lastKnownFileType = image.png; path = "アプリ局.png"; sourceTree = "<group>"; };
		7E4D55D81C4C007900BFE19C /* お好み焼き.jpg */ = {isa = PBXFileReference; lastKnownFileType = image.jpeg; path = "お好み焼き.jpg"; sourceTree = "<group>"; };
		7ED1CBF71C983AB300D4F038 /* 男子No.1決定戦2.png */ = {isa = PBXFileReference; lastKnownFileType = image.png; path = "男子No.1決定戦2.png"; sourceTree = "<group>"; };
		7ED1CBFB1C9842A900D4F038 /* 校長対談.png */ = {isa = PBXFileReference; lastKnownFileType = image.png; path = "校長対談.png"; sourceTree = "<group>"; };
		7ED1CBFD1C98432500D4F038 /* 英語劇 アイコン.png */ = {isa = PBXFileReference; lastKnownFileType = image.png; path = "英語劇 アイコン.png"; sourceTree = "<group>"; };
		7ED1CBFF1C9845CA00D4F038 /* グリークラブ.png */ = {isa = PBXFileReference; lastKnownFileType = image.png; path = "グリークラブ.png"; sourceTree = "<group>"; };
		7ED21AB51C79986D00AA9E83 /* QuartzCore.framework */ = {isa = PBXFileReference; lastKnownFileType = wrapper.framework; name = QuartzCore.framework; path = System/Library/Frameworks/QuartzCore.framework; sourceTree = SDKROOT; };
		7ED21AB71C7998B900AA9E83 /* CoreGraphics.framework */ = {isa = PBXFileReference; lastKnownFileType = wrapper.framework; name = CoreGraphics.framework; path = System/Library/Frameworks/CoreGraphics.framework; sourceTree = SDKROOT; };
		7ED21ABA1C79998200AA9E83 /* AVFoundation.framework */ = {isa = PBXFileReference; lastKnownFileType = wrapper.framework; name = AVFoundation.framework; path = System/Library/Frameworks/AVFoundation.framework; sourceTree = SDKROOT; };
		FA09ECC71C955C6700D8925B /* map.jpg */ = {isa = PBXFileReference; lastKnownFileType = image.jpeg; path = map.jpg; sourceTree = "<group>"; };
		FA6605B61C959A5900EC4011 /* Right.png */ = {isa = PBXFileReference; lastKnownFileType = image.png; path = Right.png; sourceTree = "<group>"; };
		FA6605B71C959A5900EC4011 /* Left.png */ = {isa = PBXFileReference; lastKnownFileType = image.png; path = Left.png; sourceTree = "<group>"; };
		FABB0BDD1C560EEC0009ABAA /* ListView.h */ = {isa = PBXFileReference; fileEncoding = 4; lastKnownFileType = sourcecode.c.h; path = ListView.h; sourceTree = "<group>"; };
		FABB0BDE1C560EEC0009ABAA /* ListView.m */ = {isa = PBXFileReference; fileEncoding = 4; lastKnownFileType = sourcecode.c.objc; path = ListView.m; sourceTree = "<group>"; };
		FABB0BE01C560F040009ABAA /* DetailView.h */ = {isa = PBXFileReference; fileEncoding = 4; lastKnownFileType = sourcecode.c.h; path = DetailView.h; sourceTree = "<group>"; };
		FABB0BE11C560F040009ABAA /* DetailView.m */ = {isa = PBXFileReference; fileEncoding = 4; lastKnownFileType = sourcecode.c.objc; path = DetailView.m; sourceTree = "<group>"; };
		FABB0BE31C56116E0009ABAA /* ウータン.png */ = {isa = PBXFileReference; lastKnownFileType = image.png; path = "ウータン.png"; sourceTree = "<group>"; };
/* End PBXFileReference section */

/* Begin PBXFrameworksBuildPhase section */
		7E4D55A51C49315B00BFE19C /* Frameworks */ = {
			isa = PBXFrameworksBuildPhase;
			buildActionMask = 2147483647;
			files = (
				7ED21ABB1C79998200AA9E83 /* AVFoundation.framework in Frameworks */,
				7ED21AB81C7998B900AA9E83 /* CoreGraphics.framework in Frameworks */,
				7ED21AB61C79986D00AA9E83 /* QuartzCore.framework in Frameworks */,
			);
			runOnlyForDeploymentPostprocessing = 0;
		};
		7E4D55BE1C49315C00BFE19C /* Frameworks */ = {
			isa = PBXFrameworksBuildPhase;
			buildActionMask = 2147483647;
			files = (
			);
			runOnlyForDeploymentPostprocessing = 0;
		};
/* End PBXFrameworksBuildPhase section */

/* Begin PBXGroup section */
		7E4D559F1C49315B00BFE19C = {
			isa = PBXGroup;
			children = (
				7E4D55AA1C49315B00BFE19C /* Seiko Festa 57th */,
				7E4D55C41C49315C00BFE19C /* Seiko Festa 57thTests */,
				7ED21AB91C7998CE00AA9E83 /* Frameworks */,
				7E4D55A91C49315B00BFE19C /* Products */,
			);
			sourceTree = "<group>";
		};
		7E4D55A91C49315B00BFE19C /* Products */ = {
			isa = PBXGroup;
			children = (
				7E4D55A81C49315B00BFE19C /* Seiko Festa 57th.app */,
				7E4D55C11C49315C00BFE19C /* Seiko Festa 57thTests.xctest */,
			);
			name = Products;
			sourceTree = "<group>";
		};
		7E4D55AA1C49315B00BFE19C /* Seiko Festa 57th */ = {
			isa = PBXGroup;
			children = (
				7E4D55AF1C49315C00BFE19C /* AppDelegate.h */,
				7E4D55B01C49315C00BFE19C /* AppDelegate.m */,
				7E4D55B51C49315C00BFE19C /* Main.storyboard */,
				7E4D55B21C49315C00BFE19C /* ViewController.h */,
				7E4D55B31C49315C00BFE19C /* ViewController.m */,
				FABB0BDD1C560EEC0009ABAA /* ListView.h */,
				FABB0BDE1C560EEC0009ABAA /* ListView.m */,
				FABB0BE01C560F040009ABAA /* DetailView.h */,
				FABB0BE11C560F040009ABAA /* DetailView.m */,
				7E3EB4791C79DAB900F3B2A0 /* TimetableViewController.h */,
				7E3EB47A1C79DAB900F3B2A0 /* TimetableViewController.m */,
				7E4D55B81C49315C00BFE19C /* Images.xcassets */,
				7E4D55D11C4944F300BFE19C /* Images */,
				7E4D55AB1C49315B00BFE19C /* Supporting Files */,
			);
			path = "Seiko Festa 57th";
			sourceTree = "<group>";
		};
		7E4D55AB1C49315B00BFE19C /* Supporting Files */ = {
			isa = PBXGroup;
			children = (
				7E4D55AC1C49315C00BFE19C /* Info.plist */,
				7E4D55AD1C49315C00BFE19C /* main.m */,
			);
			name = "Supporting Files";
			sourceTree = "<group>";
		};
		7E4D55C41C49315C00BFE19C /* Seiko Festa 57thTests */ = {
			isa = PBXGroup;
			children = (
				7E4D55C71C49315C00BFE19C /* Seiko_Festa_57thTests.m */,
				7E4D55C51C49315C00BFE19C /* Supporting Files */,
			);
			path = "Seiko Festa 57thTests";
			sourceTree = "<group>";
		};
		7E4D55C51C49315C00BFE19C /* Supporting Files */ = {
			isa = PBXGroup;
			children = (
				7E4D55C61C49315C00BFE19C /* Info.plist */,
			);
			name = "Supporting Files";
			sourceTree = "<group>";
		};
		7E4D55D11C4944F300BFE19C /* Images */ = {
			isa = PBXGroup;
			children = (
				7E0498D31C647ED800C244AD /* 英語劇.png */,
				7E4D55D41C4945DE00BFE19C /* ダンス.png */,
				7E4D55D61C495FEA00BFE19C /* アプリ局.png */,
				FABB0BE31C56116E0009ABAA /* ウータン.png */,
				7E4D55D81C4C007900BFE19C /* お好み焼き.jpg */,
				7E3EB4651C79BC4A00F3B2A0 /* 講堂劇 アイコン.png */,
				7ED1CBFD1C98432500D4F038 /* 英語劇 アイコン.png */,
				7E3EB4771C79D97200F3B2A0 /* 英語劇-タイムテーブル.png */,
				7ED1CBF71C983AB300D4F038 /* 男子No.1決定戦2.png */,
				7ED1CBFF1C9845CA00D4F038 /* グリークラブ.png */,
				7ED1CBFB1C9842A900D4F038 /* 校長対談.png */,
				FA09ECC71C955C6700D8925B /* map.jpg */,
				FA6605B61C959A5900EC4011 /* Right.png */,
				FA6605B71C959A5900EC4011 /* Left.png */,
			);
			name = Images;
			sourceTree = "<group>";
		};
		7ED21AB91C7998CE00AA9E83 /* Frameworks */ = {
			isa = PBXGroup;
			children = (
				7ED21ABA1C79998200AA9E83 /* AVFoundation.framework */,
				7ED21AB71C7998B900AA9E83 /* CoreGraphics.framework */,
				7ED21AB51C79986D00AA9E83 /* QuartzCore.framework */,
			);
			name = Frameworks;
			sourceTree = "<group>";
		};
/* End PBXGroup section */

/* Begin PBXNativeTarget section */
		7E4D55A71C49315B00BFE19C /* Seiko Festa 57th */ = {
			isa = PBXNativeTarget;
			buildConfigurationList = 7E4D55CB1C49315C00BFE19C /* Build configuration list for PBXNativeTarget "Seiko Festa 57th" */;
			buildPhases = (
				7E4D55A41C49315B00BFE19C /* Sources */,
				7E4D55A51C49315B00BFE19C /* Frameworks */,
				7E4D55A61C49315B00BFE19C /* Resources */,
			);
			buildRules = (
			);
			dependencies = (
			);
			name = "Seiko Festa 57th";
			productName = "Seiko Festa 57th";
			productReference = 7E4D55A81C49315B00BFE19C /* Seiko Festa 57th.app */;
			productType = "com.apple.product-type.application";
		};
		7E4D55C01C49315C00BFE19C /* Seiko Festa 57thTests */ = {
			isa = PBXNativeTarget;
			buildConfigurationList = 7E4D55CE1C49315C00BFE19C /* Build configuration list for PBXNativeTarget "Seiko Festa 57thTests" */;
			buildPhases = (
				7E4D55BD1C49315C00BFE19C /* Sources */,
				7E4D55BE1C49315C00BFE19C /* Frameworks */,
				7E4D55BF1C49315C00BFE19C /* Resources */,
			);
			buildRules = (
			);
			dependencies = (
				7E4D55C31C49315C00BFE19C /* PBXTargetDependency */,
			);
			name = "Seiko Festa 57thTests";
			productName = "Seiko Festa 57thTests";
			productReference = 7E4D55C11C49315C00BFE19C /* Seiko Festa 57thTests.xctest */;
			productType = "com.apple.product-type.bundle.unit-test";
		};
/* End PBXNativeTarget section */

/* Begin PBXProject section */
		7E4D55A01C49315B00BFE19C /* Project object */ = {
			isa = PBXProject;
			attributes = {
				LastUpgradeCheck = 0620;
				ORGANIZATIONNAME = "Daisuke Masuda";
				TargetAttributes = {
					7E4D55A71C49315B00BFE19C = {
						CreatedOnToolsVersion = 6.2;
						DevelopmentTeam = TAE9KC7SWK;
					};
					7E4D55C01C49315C00BFE19C = {
						CreatedOnToolsVersion = 6.2;
						TestTargetID = 7E4D55A71C49315B00BFE19C;
					};
				};
			};
			buildConfigurationList = 7E4D55A31C49315B00BFE19C /* Build configuration list for PBXProject "Seiko Festa 57th" */;
			compatibilityVersion = "Xcode 3.2";
			developmentRegion = English;
			hasScannedForEncodings = 0;
			knownRegions = (
				en,
				Base,
			);
			mainGroup = 7E4D559F1C49315B00BFE19C;
			productRefGroup = 7E4D55A91C49315B00BFE19C /* Products */;
			projectDirPath = "";
			projectRoot = "";
			targets = (
				7E4D55A71C49315B00BFE19C /* Seiko Festa 57th */,
				7E4D55C01C49315C00BFE19C /* Seiko Festa 57thTests */,
			);
		};
/* End PBXProject section */

/* Begin PBXResourcesBuildPhase section */
		7E4D55A61C49315B00BFE19C /* Resources */ = {
			isa = PBXResourcesBuildPhase;
			buildActionMask = 2147483647;
			files = (
				7ED1CBFE1C98432500D4F038 /* 英語劇 アイコン.png in Resources */,
				FABB0BE41C56116E0009ABAA /* ウータン.png in Resources */,
				7E4D55D71C495FEA00BFE19C /* アプリ局.png in Resources */,
				7ED1CC001C9845CA00D4F038 /* グリークラブ.png in Resources */,
				7ED1CBF81C983AB300D4F038 /* 男子No.1決定戦2.png in Resources */,
				7E0498D41C647ED800C244AD /* 英語劇.png in Resources */,
				7E4D55B71C49315C00BFE19C /* Main.storyboard in Resources */,
				FA09ECC81C955C6700D8925B /* map.jpg in Resources */,
				7E3EB4661C79BC4A00F3B2A0 /* 講堂劇 アイコン.png in Resources */,
				FA6605B91C959A5900EC4011 /* Left.png in Resources */,
				7ED1CBFC1C9842A900D4F038 /* 校長対談.png in Resources */,
				7E3EB4781C79D97200F3B2A0 /* 英語劇-タイムテーブル.png in Resources */,
				7E4D55B91C49315C00BFE19C /* Images.xcassets in Resources */,
				7E4D55D51C4945DE00BFE19C /* ダンス.png in Resources */,
				FA6605B81C959A5900EC4011 /* Right.png in Resources */,
				7E4D55D91C4C007A00BFE19C /* お好み焼き.jpg in Resources */,
			);
			runOnlyForDeploymentPostprocessing = 0;
		};
		7E4D55BF1C49315C00BFE19C /* Resources */ = {
			isa = PBXResourcesBuildPhase;
			buildActionMask = 2147483647;
			files = (
			);
			runOnlyForDeploymentPostprocessing = 0;
		};
/* End PBXResourcesBuildPhase section */

/* Begin PBXSourcesBuildPhase section */
		7E4D55A41C49315B00BFE19C /* Sources */ = {
			isa = PBXSourcesBuildPhase;
			buildActionMask = 2147483647;
			files = (
				FABB0BDF1C560EEC0009ABAA /* ListView.m in Sources */,
				7E4D55B41C49315C00BFE19C /* ViewController.m in Sources */,
				7E3EB47B1C79DAB900F3B2A0 /* TimetableViewController.m in Sources */,
				FABB0BE21C560F040009ABAA /* DetailView.m in Sources */,
				7E4D55B11C49315C00BFE19C /* AppDelegate.m in Sources */,
				7E4D55AE1C49315C00BFE19C /* main.m in Sources */,
			);
			runOnlyForDeploymentPostprocessing = 0;
		};
		7E4D55BD1C49315C00BFE19C /* Sources */ = {
			isa = PBXSourcesBuildPhase;
			buildActionMask = 2147483647;
			files = (
				7E4D55C81C49315C00BFE19C /* Seiko_Festa_57thTests.m in Sources */,
			);
			runOnlyForDeploymentPostprocessing = 0;
		};
/* End PBXSourcesBuildPhase section */

/* Begin PBXTargetDependency section */
		7E4D55C31C49315C00BFE19C /* PBXTargetDependency */ = {
			isa = PBXTargetDependency;
			target = 7E4D55A71C49315B00BFE19C /* Seiko Festa 57th */;
			targetProxy = 7E4D55C21C49315C00BFE19C /* PBXContainerItemProxy */;
		};
/* End PBXTargetDependency section */

/* Begin PBXVariantGroup section */
		7E4D55B51C49315C00BFE19C /* Main.storyboard */ = {
			isa = PBXVariantGroup;
			children = (
				7E4D55B61C49315C00BFE19C /* Base */,
			);
			name = Main.storyboard;
			sourceTree = "<group>";
		};
/* End PBXVariantGroup section */

/* Begin XCBuildConfiguration section */
		7E4D55C91C49315C00BFE19C /* Debug */ = {
			isa = XCBuildConfiguration;
			buildSettings = {
				ALWAYS_SEARCH_USER_PATHS = NO;
				CLANG_CXX_LANGUAGE_STANDARD = "gnu++0x";
				CLANG_CXX_LIBRARY = "libc++";
				CLANG_ENABLE_MODULES = YES;
				CLANG_ENABLE_OBJC_ARC = YES;
				CLANG_WARN_BOOL_CONVERSION = YES;
				CLANG_WARN_CONSTANT_CONVERSION = YES;
				CLANG_WARN_DIRECT_OBJC_ISA_USAGE = YES_ERROR;
				CLANG_WARN_EMPTY_BODY = YES;
				CLANG_WARN_ENUM_CONVERSION = YES;
				CLANG_WARN_INT_CONVERSION = YES;
				CLANG_WARN_OBJC_ROOT_CLASS = YES_ERROR;
				CLANG_WARN_UNREACHABLE_CODE = YES;
				CLANG_WARN__DUPLICATE_METHOD_MATCH = YES;
				"CODE_SIGN_IDENTITY[sdk=iphoneos*]" = "iPhone Developer";
				COPY_PHASE_STRIP = NO;
				ENABLE_STRICT_OBJC_MSGSEND = YES;
				GCC_C_LANGUAGE_STANDARD = gnu99;
				GCC_DYNAMIC_NO_PIC = NO;
				GCC_OPTIMIZATION_LEVEL = 0;
				GCC_PREPROCESSOR_DEFINITIONS = (
					"DEBUG=1",
					"$(inherited)",
				);
				GCC_SYMBOLS_PRIVATE_EXTERN = NO;
				GCC_WARN_64_TO_32_BIT_CONVERSION = YES;
				GCC_WARN_ABOUT_RETURN_TYPE = YES_ERROR;
				GCC_WARN_UNDECLARED_SELECTOR = YES;
				GCC_WARN_UNINITIALIZED_AUTOS = YES_AGGRESSIVE;
				GCC_WARN_UNUSED_FUNCTION = YES;
				GCC_WARN_UNUSED_VARIABLE = YES;
				IPHONEOS_DEPLOYMENT_TARGET = 7.0;
				MTL_ENABLE_DEBUG_INFO = YES;
				ONLY_ACTIVE_ARCH = YES;
				SDKROOT = iphoneos;
			};
			name = Debug;
		};
		7E4D55CA1C49315C00BFE19C /* Release */ = {
			isa = XCBuildConfiguration;
			buildSettings = {
				ALWAYS_SEARCH_USER_PATHS = NO;
				CLANG_CXX_LANGUAGE_STANDARD = "gnu++0x";
				CLANG_CXX_LIBRARY = "libc++";
				CLANG_ENABLE_MODULES = YES;
				CLANG_ENABLE_OBJC_ARC = YES;
				CLANG_WARN_BOOL_CONVERSION = YES;
				CLANG_WARN_CONSTANT_CONVERSION = YES;
				CLANG_WARN_DIRECT_OBJC_ISA_USAGE = YES_ERROR;
				CLANG_WARN_EMPTY_BODY = YES;
				CLANG_WARN_ENUM_CONVERSION = YES;
				CLANG_WARN_INT_CONVERSION = YES;
				CLANG_WARN_OBJC_ROOT_CLASS = YES_ERROR;
				CLANG_WARN_UNREACHABLE_CODE = YES;
				CLANG_WARN__DUPLICATE_METHOD_MATCH = YES;
				"CODE_SIGN_IDENTITY[sdk=iphoneos*]" = "iPhone Developer";
				COPY_PHASE_STRIP = NO;
				ENABLE_NS_ASSERTIONS = NO;
				ENABLE_STRICT_OBJC_MSGSEND = YES;
				GCC_C_LANGUAGE_STANDARD = gnu99;
				GCC_WARN_64_TO_32_BIT_CONVERSION = YES;
				GCC_WARN_ABOUT_RETURN_TYPE = YES_ERROR;
				GCC_WARN_UNDECLARED_SELECTOR = YES;
				GCC_WARN_UNINITIALIZED_AUTOS = YES_AGGRESSIVE;
				GCC_WARN_UNUSED_FUNCTION = YES;
				GCC_WARN_UNUSED_VARIABLE = YES;
				IPHONEOS_DEPLOYMENT_TARGET = 7.0;
				MTL_ENABLE_DEBUG_INFO = NO;
				SDKROOT = iphoneos;
				VALIDATE_PRODUCT = YES;
			};
			name = Release;
		};
		7E4D55CC1C49315C00BFE19C /* Debug */ = {
			isa = XCBuildConfiguration;
			buildSettings = {
				ASSETCATALOG_COMPILER_APPICON_NAME = AppIcon;
				ASSETCATALOG_COMPILER_LAUNCHIMAGE_NAME = LaunchImage;
				INFOPLIST_FILE = "Seiko Festa 57th/Info.plist";
				IPHONEOS_DEPLOYMENT_TARGET = 7.0;
				LD_RUNPATH_SEARCH_PATHS = "$(inherited) @executable_path/Frameworks";
				PRODUCT_NAME = "$(TARGET_NAME)";
			};
			name = Debug;
		};
		7E4D55CD1C49315C00BFE19C /* Release */ = {
			isa = XCBuildConfiguration;
			buildSettings = {
				ASSETCATALOG_COMPILER_APPICON_NAME = AppIcon;
				ASSETCATALOG_COMPILER_LAUNCHIMAGE_NAME = LaunchImage;
				INFOPLIST_FILE = "Seiko Festa 57th/Info.plist";
				IPHONEOS_DEPLOYMENT_TARGET = 7.0;
				LD_RUNPATH_SEARCH_PATHS = "$(inherited) @executable_path/Frameworks";
				PRODUCT_NAME = "$(TARGET_NAME)";
			};
			name = Release;
		};
		7E4D55CF1C49315C00BFE19C /* Debug */ = {
			isa = XCBuildConfiguration;
			buildSettings = {
				BUNDLE_LOADER = "$(TEST_HOST)";
				FRAMEWORK_SEARCH_PATHS = (
					"$(SDKROOT)/Developer/Library/Frameworks",
					"$(inherited)",
				);
				GCC_PREPROCESSOR_DEFINITIONS = (
					"DEBUG=1",
					"$(inherited)",
				);
				INFOPLIST_FILE = "Seiko Festa 57thTests/Info.plist";
				LD_RUNPATH_SEARCH_PATHS = "$(inherited) @executable_path/Frameworks @loader_path/Frameworks";
				PRODUCT_NAME = "$(TARGET_NAME)";
				TEST_HOST = "$(BUILT_PRODUCTS_DIR)/Seiko Festa 57th.app/Seiko Festa 57th";
			};
			name = Debug;
		};
		7E4D55D01C49315C00BFE19C /* Release */ = {
			isa = XCBuildConfiguration;
			buildSettings = {
				BUNDLE_LOADER = "$(TEST_HOST)";
				FRAMEWORK_SEARCH_PATHS = (
					"$(SDKROOT)/Developer/Library/Frameworks",
					"$(inherited)",
				);
				INFOPLIST_FILE = "Seiko Festa 57thTests/Info.plist";
				LD_RUNPATH_SEARCH_PATHS = "$(inherited) @executable_path/Frameworks @loader_path/Frameworks";
				PRODUCT_NAME = "$(TARGET_NAME)";
				TEST_HOST = "$(BUILT_PRODUCTS_DIR)/Seiko Festa 57th.app/Seiko Festa 57th";
			};
			name = Release;
		};
/* End XCBuildConfiguration section */

/* Begin XCConfigurationList section */
		7E4D55A31C49315B00BFE19C /* Build configuration list for PBXProject "Seiko Festa 57th" */ = {
			isa = XCConfigurationList;
			buildConfigurations = (
				7E4D55C91C49315C00BFE19C /* Debug */,
				7E4D55CA1C49315C00BFE19C /* Release */,
			);
			defaultConfigurationIsVisible = 0;
			defaultConfigurationName = Release;
		};
		7E4D55CB1C49315C00BFE19C /* Build configuration list for PBXNativeTarget "Seiko Festa 57th" */ = {
			isa = XCConfigurationList;
			buildConfigurations = (
				7E4D55CC1C49315C00BFE19C /* Debug */,
				7E4D55CD1C49315C00BFE19C /* Release */,
			);
			defaultConfigurationIsVisible = 0;
			defaultConfigurationName = Release;
		};
		7E4D55CE1C49315C00BFE19C /* Build configuration list for PBXNativeTarget "Seiko Festa 57thTests" */ = {
			isa = XCConfigurationList;
			buildConfigurations = (
				7E4D55CF1C49315C00BFE19C /* Debug */,
				7E4D55D01C49315C00BFE19C /* Release */,
			);
			defaultConfigurationIsVisible = 0;
			defaultConfigurationName = Release;
		};
/* End XCConfigurationList section */
	};
	rootObject = 7E4D55A01C49315B00BFE19C /* Project object */;
}
