// !$*UTF8*$!
{
	archiveVersion = 1;
	classes = {
	};
	objectVersion = 46;
	objects = {

/* Begin PBXBuildFile section */
		7E0DC89D1C9D5E8600B45F37 /* ぽんでっくす-タイムテーブル.png in Resources */ = {isa = PBXBuildFile; fileRef = 7E0DC89C1C9D5E8600B45F37 /* ぽんでっくす-タイムテーブル.png */; };
		7E0DC8A11C9D60EF00B45F37 /* Яooz-Leef-タイムテーブル.png in Resources */ = {isa = PBXBuildFile; fileRef = 7E0DC8A01C9D60EF00B45F37 /* Яooz-Leef-タイムテーブル.png */; };
		7E0DC8A31C9D61AC00B45F37 /* Flat-Flight-タイムテーブル.png in Resources */ = {isa = PBXBuildFile; fileRef = 7E0DC8A21C9D61AC00B45F37 /* Flat-Flight-タイムテーブル.png */; };
		7E0DC8A51C9D631300B45F37 /* Chaos-Illusion-タイムテーブル.png in Resources */ = {isa = PBXBuildFile; fileRef = 7E0DC8A41C9D631300B45F37 /* Chaos-Illusion-タイムテーブル.png */; };
		7E0DC8A71C9D63F700B45F37 /* WEAK-END-タイムテーブル.png in Resources */ = {isa = PBXBuildFile; fileRef = 7E0DC8A61C9D63F700B45F37 /* WEAK-END-タイムテーブル.png */; };
		7E0DC8AB1C9D64A100B45F37 /* ミュージックサロン-タイムテーブル小講堂.png in Resources */ = {isa = PBXBuildFile; fileRef = 7E0DC8A81C9D64A100B45F37 /* ミュージックサロン-タイムテーブル小講堂.png */; };
		7E0DC8AD1C9D64A100B45F37 /* 数学研究会模擬講義-タイムテーブル.png in Resources */ = {isa = PBXBuildFile; fileRef = 7E0DC8AA1C9D64A100B45F37 /* 数学研究会模擬講義-タイムテーブル.png */; };
		7E0DC8B31C9D673F00B45F37 /* 校長対談-タイムテーブル.png in Resources */ = {isa = PBXBuildFile; fileRef = 7E0DC8B21C9D673F00B45F37 /* 校長対談-タイムテーブル.png */; };
		7E0DC8B51C9D6B3500B45F37 /* 恋愛偏差値-タイムテーブル.png in Resources */ = {isa = PBXBuildFile; fileRef = 7E0DC8B41C9D6B3500B45F37 /* 恋愛偏差値-タイムテーブル.png */; };
		7E0DC8B71C9D73D700B45F37 /* clock-7.png in Resources */ = {isa = PBXBuildFile; fileRef = 7E0DC8B61C9D73D700B45F37 /* clock-7.png */; };
		7E0DC8B91C9D73F800B45F37 /* Home-50.png in Resources */ = {isa = PBXBuildFile; fileRef = 7E0DC8B81C9D73F800B45F37 /* Home-50.png */; };
		7E0DC8C11C9D7E9800B45F37 /* icon-29@2x.png in Resources */ = {isa = PBXBuildFile; fileRef = 7E0DC8BB1C9D7E9800B45F37 /* icon-29@2x.png */; };
		7E0DC8C21C9D7E9800B45F37 /* icon-29@3x.png in Resources */ = {isa = PBXBuildFile; fileRef = 7E0DC8BC1C9D7E9800B45F37 /* icon-29@3x.png */; };
		7E0DC8C31C9D7E9800B45F37 /* icon-40@2x.png in Resources */ = {isa = PBXBuildFile; fileRef = 7E0DC8BD1C9D7E9800B45F37 /* icon-40@2x.png */; };
		7E0DC8C41C9D7E9800B45F37 /* icon-40@3x.png in Resources */ = {isa = PBXBuildFile; fileRef = 7E0DC8BE1C9D7E9800B45F37 /* icon-40@3x.png */; };
		7E0DC8C51C9D7E9800B45F37 /* icon-60@2x.png in Resources */ = {isa = PBXBuildFile; fileRef = 7E0DC8BF1C9D7E9800B45F37 /* icon-60@2x.png */; };
		7E0DC8C61C9D7E9800B45F37 /* icon-60@3x.png in Resources */ = {isa = PBXBuildFile; fileRef = 7E0DC8C01C9D7E9800B45F37 /* icon-60@3x.png */; };
		7E0DC8C91C9D7FAA00B45F37 /* Default-568h@2x.png in Resources */ = {isa = PBXBuildFile; fileRef = 7E0DC8C71C9D7FAA00B45F37 /* Default-568h@2x.png */; };
		7E0DC8CA1C9D7FAA00B45F37 /* Default@2x.png in Resources */ = {isa = PBXBuildFile; fileRef = 7E0DC8C81C9D7FAA00B45F37 /* Default@2x.png */; };
		7E3EB47B1C79DAB900F3B2A0 /* TimetableViewController.m in Sources */ = {isa = PBXBuildFile; fileRef = 7E3EB47A1C79DAB900F3B2A0 /* TimetableViewController.m */; };
		7E3FE6E81CA0278D000E0281 /* MyriadPro-Regular.otf in Resources */ = {isa = PBXBuildFile; fileRef = 7E3FE6E71CA02782000E0281 /* MyriadPro-Regular.otf */; };
		7E4D55AE1C49315C00BFE19C /* main.m in Sources */ = {isa = PBXBuildFile; fileRef = 7E4D55AD1C49315C00BFE19C /* main.m */; };
		7E4D55B11C49315C00BFE19C /* AppDelegate.m in Sources */ = {isa = PBXBuildFile; fileRef = 7E4D55B01C49315C00BFE19C /* AppDelegate.m */; };
		7E4D55B41C49315C00BFE19C /* ViewController.m in Sources */ = {isa = PBXBuildFile; fileRef = 7E4D55B31C49315C00BFE19C /* ViewController.m */; };
		7E4D55B71C49315C00BFE19C /* Main.storyboard in Resources */ = {isa = PBXBuildFile; fileRef = 7E4D55B51C49315C00BFE19C /* Main.storyboard */; };
		7E4D55B91C49315C00BFE19C /* Images.xcassets in Resources */ = {isa = PBXBuildFile; fileRef = 7E4D55B81C49315C00BFE19C /* Images.xcassets */; };
		7E4D55C81C49315C00BFE19C /* Seiko_Festa_57thTests.m in Sources */ = {isa = PBXBuildFile; fileRef = 7E4D55C71C49315C00BFE19C /* Seiko_Festa_57thTests.m */; };
		7EB711871C9EDEF300E0F691 /* 奴等-タイムテーブル.png in Resources */ = {isa = PBXBuildFile; fileRef = 7EB711861C9EDEF300E0F691 /* 奴等-タイムテーブル.png */; };
		7ECB09CE1C9DACF9008DECDD /* 天使の歌声-タイムテーブル.png in Resources */ = {isa = PBXBuildFile; fileRef = 7ECB09CD1C9DACF9008DECDD /* 天使の歌声-タイムテーブル.png */; };
		7ED1CBFC1C9842A900D4F038 /* 校長対談.png in Resources */ = {isa = PBXBuildFile; fileRef = 7ED1CBFB1C9842A900D4F038 /* 校長対談.png */; };
		7ED1CC001C9845CA00D4F038 /* グリークラブ.png in Resources */ = {isa = PBXBuildFile; fileRef = 7ED1CBFF1C9845CA00D4F038 /* グリークラブ.png */; };
		7ED21AB61C79986D00AA9E83 /* QuartzCore.framework in Frameworks */ = {isa = PBXBuildFile; fileRef = 7ED21AB51C79986D00AA9E83 /* QuartzCore.framework */; };
		7ED21AB81C7998B900AA9E83 /* CoreGraphics.framework in Frameworks */ = {isa = PBXBuildFile; fileRef = 7ED21AB71C7998B900AA9E83 /* CoreGraphics.framework */; };
		7ED21ABB1C79998200AA9E83 /* AVFoundation.framework in Frameworks */ = {isa = PBXBuildFile; fileRef = 7ED21ABA1C79998200AA9E83 /* AVFoundation.framework */; };
		7ED6F5191CA418320077425C /* The-笑-1-GP-タイムテーブル.png in Resources */ = {isa = PBXBuildFile; fileRef = 7ED6F5181CA418320077425C /* The-笑-1-GP-タイムテーブル.png */; };
		7ED6F51B1CA419370077425C /* せいとんがかり.png in Resources */ = {isa = PBXBuildFile; fileRef = 7ED6F51A1CA419370077425C /* せいとんがかり.png */; };
		7ED6F51D1CA41BEC0077425C /* The 笑-1 GP.png in Resources */ = {isa = PBXBuildFile; fileRef = 7ED6F51C1CA41BEC0077425C /* The 笑-1 GP.png */; };
		7ED6F51F1CA41C5C0077425C /* 早撃ちジョニー.png in Resources */ = {isa = PBXBuildFile; fileRef = 7ED6F51E1CA41C5C0077425C /* 早撃ちジョニー.png */; };
		7ED6F5211CA41C7F0077425C /* 78枚目のJOKER.png in Resources */ = {isa = PBXBuildFile; fileRef = 7ED6F5201CA41C7F0077425C /* 78枚目のJOKER.png */; };
		7ED6F5231CA41C8E0077425C /* ぶいえいす.png in Resources */ = {isa = PBXBuildFile; fileRef = 7ED6F5221CA41C8E0077425C /* ぶいえいす.png */; };
		7ED6F5251CA41C9B0077425C /* 地理歴史巡検部.png in Resources */ = {isa = PBXBuildFile; fileRef = 7ED6F5241CA41C9B0077425C /* 地理歴史巡検部.png */; };
		7ED6F5271CA41CB00077425C /* 藤子・Ｆ・不二雄研究会.png in Resources */ = {isa = PBXBuildFile; fileRef = 7ED6F5261CA41CB00077425C /* 藤子・Ｆ・不二雄研究会.png */; };
		7ED6F5291CA4208F0077425C /* 横浜漫才フィルム.png in Resources */ = {isa = PBXBuildFile; fileRef = 7ED6F5281CA4208F0077425C /* 横浜漫才フィルム.png */; };
		7EF2D8DC1C9D4FAB008F76E8 /* ボールぽこぽこ-タイムテーブル.png in Resources */ = {isa = PBXBuildFile; fileRef = 7EF2D8D91C9D4FAB008F76E8 /* ボールぽこぽこ-タイムテーブル.png */; };
		7EF2D8DD1C9D4FAB008F76E8 /* ミュージックサロン-タイムテーブル.png in Resources */ = {isa = PBXBuildFile; fileRef = 7EF2D8DA1C9D4FAB008F76E8 /* ミュージックサロン-タイムテーブル.png */; };
		7EF2D8DE1C9D4FAB008F76E8 /* 英語劇-タイムテーブル.png in Resources */ = {isa = PBXBuildFile; fileRef = 7EF2D8DB1C9D4FAB008F76E8 /* 英語劇-タイムテーブル.png */; };
		7EF2D8E71C9D5101008F76E8 /* ○○男子No.1決定戦-タイムテーブル.png in Resources */ = {isa = PBXBuildFile; fileRef = 7EF2D8DF1C9D5101008F76E8 /* ○○男子No.1決定戦-タイムテーブル.png */; };
		7EF2D8E91C9D5101008F76E8 /* S-O-S-タイムテーブル.png in Resources */ = {isa = PBXBuildFile; fileRef = 7EF2D8E11C9D5101008F76E8 /* S-O-S-タイムテーブル.png */; };
		7EF2D8EA1C9D5101008F76E8 /* ギネスに挑戦！！-タイムテーブル.png in Resources */ = {isa = PBXBuildFile; fileRef = 7EF2D8E21C9D5101008F76E8 /* ギネスに挑戦！！-タイムテーブル.png */; };
		7EF2D8EB1C9D5101008F76E8 /* コミュ力の窓-タイムテーブル.png in Resources */ = {isa = PBXBuildFile; fileRef = 7EF2D8E31C9D5101008F76E8 /* コミュ力の窓-タイムテーブル.png */; };
		7EF2D8EC1C9D5101008F76E8 /* のど自慢-タイムテーブル.png in Resources */ = {isa = PBXBuildFile; fileRef = 7EF2D8E41C9D5101008F76E8 /* のど自慢-タイムテーブル.png */; };
		7EF2D8ED1C9D5101008F76E8 /* 春夜祭-タイムテーブル.png in Resources */ = {isa = PBXBuildFile; fileRef = 7EF2D8E51C9D5101008F76E8 /* 春夜祭-タイムテーブル.png */; };
		7EF2D8EE1C9D5101008F76E8 /* 替え歌選手権！！-タイムテーブル.png in Resources */ = {isa = PBXBuildFile; fileRef = 7EF2D8E61C9D5101008F76E8 /* 替え歌選手権！！-タイムテーブル.png */; };
		7EF2D8F01C9D5549008F76E8 /* Mr.聖光-タイムテーブル.png in Resources */ = {isa = PBXBuildFile; fileRef = 7EF2D8EF1C9D5549008F76E8 /* Mr.聖光-タイムテーブル.png */; };
		7EF2D8F61C9D57CE008F76E8 /* M&A-タイムテーブル.png in Resources */ = {isa = PBXBuildFile; fileRef = 7EF2D8F21C9D57CE008F76E8 /* M&A-タイムテーブル.png */; };
		7EF2D8F81C9D57CE008F76E8 /* 蜃気楼-タイムテーブル.png in Resources */ = {isa = PBXBuildFile; fileRef = 7EF2D8F41C9D57CE008F76E8 /* 蜃気楼-タイムテーブル.png */; };
		7EF2D9011C9D5A11008F76E8 /* エストレーラ-タイムテーブル.png in Resources */ = {isa = PBXBuildFile; fileRef = 7EF2D8FC1C9D5A11008F76E8 /* エストレーラ-タイムテーブル.png */; };
		FA0F10E11C9E7F0300AF0155 /* 弦楽オーケストラ部.png in Resources */ = {isa = PBXBuildFile; fileRef = FA0F10DE1C9E7F0300AF0155 /* 弦楽オーケストラ部.png */; };
		FA0F10E21C9E7F0300AF0155 /* 吹奏楽部.png in Resources */ = {isa = PBXBuildFile; fileRef = FA0F10DF1C9E7F0300AF0155 /* 吹奏楽部.png */; };
		FA0F10E31C9E7F0300AF0155 /* 天使の歌声.png in Resources */ = {isa = PBXBuildFile; fileRef = FA0F10E01C9E7F0300AF0155 /* 天使の歌声.png */; };
		FA0F10E61C9E7F1200AF0155 /* 数学研究会模擬講義.png in Resources */ = {isa = PBXBuildFile; fileRef = FA0F10E41C9E7F1200AF0155 /* 数学研究会模擬講義.png */; };
		FA0F10E71C9E7F1200AF0155 /* 恋愛偏差値.png in Resources */ = {isa = PBXBuildFile; fileRef = FA0F10E51C9E7F1200AF0155 /* 恋愛偏差値.png */; };
		FA0F10EB1C9E7F3100AF0155 /* 剣道部.png in Resources */ = {isa = PBXBuildFile; fileRef = FA0F10EA1C9E7F3100AF0155 /* 剣道部.png */; };
		FA2384081CA0A445003BBDA5 /* EHC Jurassic.jpg in Resources */ = {isa = PBXBuildFile; fileRef = FA2383E71CA0A445003BBDA5 /* EHC Jurassic.jpg */; };
		FA2384091CA0A445003BBDA5 /* SeSDA〜聖光宇宙センター〜.jpg in Resources */ = {isa = PBXBuildFile; fileRef = FA2383E81CA0A445003BBDA5 /* SeSDA〜聖光宇宙センター〜.jpg */; };
		FA23840A1CA0A445003BBDA5 /* Shockers.jpg in Resources */ = {isa = PBXBuildFile; fileRef = FA2383E91CA0A445003BBDA5 /* Shockers.jpg */; };
		FA23840B1CA0A445003BBDA5 /* Showtime!.png in Resources */ = {isa = PBXBuildFile; fileRef = FA2383EA1CA0A445003BBDA5 /* Showtime!.png */; };
		FA23840C1CA0A445003BBDA5 /* アニメ研究会.png in Resources */ = {isa = PBXBuildFile; fileRef = FA2383EB1CA0A445003BBDA5 /* アニメ研究会.png */; };
		FA23840D1CA0A445003BBDA5 /* かるた会.jpg in Resources */ = {isa = PBXBuildFile; fileRef = FA2383EC1CA0A445003BBDA5 /* かるた会.jpg */; };
		FA23840F1CA0A445003BBDA5 /* クイズ研究会.png in Resources */ = {isa = PBXBuildFile; fileRef = FA2383EE1CA0A445003BBDA5 /* クイズ研究会.png */; };
		FA2384101CA0A445003BBDA5 /* コンピュータ部.jpg in Resources */ = {isa = PBXBuildFile; fileRef = FA2383EF1CA0A445003BBDA5 /* コンピュータ部.jpg */; };
		FA2384111CA0A445003BBDA5 /* とにかく明るいＦｅｓ村.png in Resources */ = {isa = PBXBuildFile; fileRef = FA2383F01CA0A445003BBDA5 /* とにかく明るいＦｅｓ村.png */; };
		FA2384121CA0A445003BBDA5 /* ベイスターズ研究会.jpg in Resources */ = {isa = PBXBuildFile; fileRef = FA2383F11CA0A445003BBDA5 /* ベイスターズ研究会.jpg */; };
		FA2384131CA0A445003BBDA5 /* ボーカロイド研究会.png in Resources */ = {isa = PBXBuildFile; fileRef = FA2383F21CA0A445003BBDA5 /* ボーカロイド研究会.png */; };
		FA2384141CA0A445003BBDA5 /* ポケモンセンターSeiko.png in Resources */ = {isa = PBXBuildFile; fileRef = FA2383F31CA0A445003BBDA5 /* ポケモンセンターSeiko.png */; };
		FA2384151CA0A445003BBDA5 /* リアル野球盤.png in Resources */ = {isa = PBXBuildFile; fileRef = FA2383F41CA0A445003BBDA5 /* リアル野球盤.png */; };
		FA2384161CA0A445003BBDA5 /* 宇宙戦艦ヤマト研究会.jpg in Resources */ = {isa = PBXBuildFile; fileRef = FA2383F51CA0A445003BBDA5 /* 宇宙戦艦ヤマト研究会.jpg */; };
		FA2384181CA0A445003BBDA5 /* 古本市.png in Resources */ = {isa = PBXBuildFile; fileRef = FA2383F71CA0A445003BBDA5 /* 古本市.png */; };
		FA2384191CA0A445003BBDA5 /* 交通研究部.jpg in Resources */ = {isa = PBXBuildFile; fileRef = FA2383F81CA0A445003BBDA5 /* 交通研究部.jpg */; };
		FA23841A1CA0A445003BBDA5 /* 常夜灯.png in Resources */ = {isa = PBXBuildFile; fileRef = FA2383F91CA0A445003BBDA5 /* 常夜灯.png */; };
		FA23841B1CA0A445003BBDA5 /* 人狼の館.jpg in Resources */ = {isa = PBXBuildFile; fileRef = FA2383FA1CA0A445003BBDA5 /* 人狼の館.jpg */; };
		FA23841C1CA0A445003BBDA5 /* 数学研究会.png in Resources */ = {isa = PBXBuildFile; fileRef = FA2383FB1CA0A445003BBDA5 /* 数学研究会.png */; };
		FA23841D1CA0A445003BBDA5 /* 生物部.png in Resources */ = {isa = PBXBuildFile; fileRef = FA2383FC1CA0A445003BBDA5 /* 生物部.png */; };
		FA23841E1CA0A445003BBDA5 /* 聖光祭からの脱出.png in Resources */ = {isa = PBXBuildFile; fileRef = FA2383FD1CA0A445003BBDA5 /* 聖光祭からの脱出.png */; };
		FA23841F1CA0A445003BBDA5 /* 聖光道場.jpg in Resources */ = {isa = PBXBuildFile; fileRef = FA2383FE1CA0A445003BBDA5 /* 聖光道場.jpg */; };
		FA2384201CA0A445003BBDA5 /* 聖書研究会.jpg in Resources */ = {isa = PBXBuildFile; fileRef = FA2383FF1CA0A445003BBDA5 /* 聖書研究会.jpg */; };
		FA2384221CA0A445003BBDA5 /* 地学天文学部.png in Resources */ = {isa = PBXBuildFile; fileRef = FA2384011CA0A445003BBDA5 /* 地学天文学部.png */; };
		FA2384241CA0A445003BBDA5 /* 美術部.png in Resources */ = {isa = PBXBuildFile; fileRef = FA2384031CA0A445003BBDA5 /* 美術部.png */; };
		FA2384251CA0A445003BBDA5 /* 物理科学部.png in Resources */ = {isa = PBXBuildFile; fileRef = FA2384041CA0A445003BBDA5 /* 物理科学部.png */; };
		FA2384261CA0A445003BBDA5 /* 本の泉.png in Resources */ = {isa = PBXBuildFile; fileRef = FA2384051CA0A445003BBDA5 /* 本の泉.png */; };
		FA2384271CA0A445003BBDA5 /* 魔女の卓球便.png in Resources */ = {isa = PBXBuildFile; fileRef = FA2384061CA0A445003BBDA5 /* 魔女の卓球便.png */; };
		FA6CEB911CA026CB002571EF /* Coming-Soon.jpg in Resources */ = {isa = PBXBuildFile; fileRef = FA6CEB901CA026CB002571EF /* Coming-Soon.jpg */; };
		FA8098A71C9FF6B400B2E939 /* Addiction？.png in Resources */ = {isa = PBXBuildFile; fileRef = FA8098A31C9FF6B400B2E939 /* Addiction？.png */; };
		FA8098A81C9FF6B400B2E939 /* Million-Dollars.png in Resources */ = {isa = PBXBuildFile; fileRef = FA8098A41C9FF6B400B2E939 /* Million-Dollars.png */; };
		FA8098A91C9FF6B400B2E939 /* 奴等.png in Resources */ = {isa = PBXBuildFile; fileRef = FA8098A51C9FF6B400B2E939 /* 奴等.png */; };
		FA8098AA1C9FF6B400B2E939 /* Яooz-Leef.png in Resources */ = {isa = PBXBuildFile; fileRef = FA8098A61C9FF6B400B2E939 /* Яooz-Leef.png */; };
		FAA39AFA1C9D089C00A1B697 /* Flapjack.png in Resources */ = {isa = PBXBuildFile; fileRef = FAA39AF41C9D089C00A1B697 /* Flapjack.png */; };
		FAA39AFB1C9D089C00A1B697 /* クレープブレーク.png in Resources */ = {isa = PBXBuildFile; fileRef = FAA39AF51C9D089C00A1B697 /* クレープブレーク.png */; };
		FAA39AFC1C9D089C00A1B697 /* 塩焼きそば　麺’sRUNRUN.png in Resources */ = {isa = PBXBuildFile; fileRef = FAA39AF61C9D089C00A1B697 /* 塩焼きそば　麺’sRUNRUN.png */; };
		FAA39AFD1C9D089C00A1B697 /* 俺のケバブ.jpg in Resources */ = {isa = PBXBuildFile; fileRef = FAA39AF71C9D089C00A1B697 /* 俺のケバブ.jpg */; };
		FAA39AFE1C9D089C00A1B697 /* 鉄板職人.jpg in Resources */ = {isa = PBXBuildFile; fileRef = FAA39AF81C9D089C00A1B697 /* 鉄板職人.jpg */; };
		FAA39AFF1C9D089C00A1B697 /* 麺☆恋.png in Resources */ = {isa = PBXBuildFile; fileRef = FAA39AF91C9D089C00A1B697 /* 麺☆恋.png */; };
		FAA39B141C9D172200A1B697 /* Trick×Hark.jpg in Resources */ = {isa = PBXBuildFile; fileRef = FAA39B0F1C9D172200A1B697 /* Trick×Hark.jpg */; };
		FAA39B151C9D172200A1B697 /* インターアクト.png in Resources */ = {isa = PBXBuildFile; fileRef = FAA39B101C9D172200A1B697 /* インターアクト.png */; };
		FAA39B161C9D172200A1B697 /* 英語劇.png in Resources */ = {isa = PBXBuildFile; fileRef = FAA39B111C9D172200A1B697 /* 英語劇.png */; };
		FAA39B171C9D172200A1B697 /* 高3英語劇.png in Resources */ = {isa = PBXBuildFile; fileRef = FAA39B121C9D172200A1B697 /* 高3英語劇.png */; };
		FAA39B181C9D172200A1B697 /* 迷いの国のアリス.png in Resources */ = {isa = PBXBuildFile; fileRef = FAA39B131C9D172200A1B697 /* 迷いの国のアリス.png */; };
		FAA39B1E1C9D18CA00A1B697 /* Flat-Flight.png in Resources */ = {isa = PBXBuildFile; fileRef = FAA39B191C9D18CA00A1B697 /* Flat-Flight.png */; };
		FAA39B1F1C9D18CA00A1B697 /* M&A.png in Resources */ = {isa = PBXBuildFile; fileRef = FAA39B1A1C9D18CA00A1B697 /* M&A.png */; };
		FAA39B201C9D18CA00A1B697 /* エストレーラ.png in Resources */ = {isa = PBXBuildFile; fileRef = FAA39B1B1C9D18CA00A1B697 /* エストレーラ.png */; };
		FAA39B211C9D18CA00A1B697 /* ぽんでっくす.png in Resources */ = {isa = PBXBuildFile; fileRef = FAA39B1C1C9D18CA00A1B697 /* ぽんでっくす.png */; };
		FAA39B221C9D18CA00A1B697 /* 蜃気楼.png in Resources */ = {isa = PBXBuildFile; fileRef = FAA39B1D1C9D18CA00A1B697 /* 蜃気楼.png */; };
		FAA39B251C9D190100A1B697 /* Chaos-illusion.png in Resources */ = {isa = PBXBuildFile; fileRef = FAA39B241C9D190100A1B697 /* Chaos-illusion.png */; };
		FAA39B271C9D190700A1B697 /* WEAK-END.png in Resources */ = {isa = PBXBuildFile; fileRef = FAA39B261C9D190700A1B697 /* WEAK-END.png */; };
		FAA39B2A1C9D1EA000A1B697 /* 英語劇講堂劇.png in Resources */ = {isa = PBXBuildFile; fileRef = FAA39B291C9D1EA000A1B697 /* 英語劇講堂劇.png */; };
		FAA39B2C1C9D1EAB00A1B697 /* ボールぽこぽこ.png in Resources */ = {isa = PBXBuildFile; fileRef = FAA39B2B1C9D1EAB00A1B697 /* ボールぽこぽこ.png */; };
		FAA39B2E1C9D1EB100A1B697 /* Grand-Finale.png in Resources */ = {isa = PBXBuildFile; fileRef = FAA39B2D1C9D1EB100A1B697 /* Grand-Finale.png */; };
		FAA39B301C9D1F1400A1B697 /* ミュージックサロン.png in Resources */ = {isa = PBXBuildFile; fileRef = FAA39B2F1C9D1F1400A1B697 /* ミュージックサロン.png */; };
		FAA39B3A1C9D22FF00A1B697 /* ○○男子No.1決定戦.png in Resources */ = {isa = PBXBuildFile; fileRef = FAA39B311C9D22FF00A1B697 /* ○○男子No.1決定戦.png */; };
		FAA39B3B1C9D22FF00A1B697 /* Mr.聖光.png in Resources */ = {isa = PBXBuildFile; fileRef = FAA39B321C9D22FF00A1B697 /* Mr.聖光.png */; };
		FAA39B3C1C9D22FF00A1B697 /* S-O-S.png in Resources */ = {isa = PBXBuildFile; fileRef = FAA39B331C9D22FF00A1B697 /* S-O-S.png */; };
		FAA39B3D1C9D22FF00A1B697 /* ギネスに挑戦！！.png in Resources */ = {isa = PBXBuildFile; fileRef = FAA39B341C9D22FF00A1B697 /* ギネスに挑戦！！.png */; };
		FAA39B3E1C9D22FF00A1B697 /* コミュ力の窓.png in Resources */ = {isa = PBXBuildFile; fileRef = FAA39B351C9D22FF00A1B697 /* コミュ力の窓.png */; };
		FAA39B3F1C9D22FF00A1B697 /* のど自慢.png in Resources */ = {isa = PBXBuildFile; fileRef = FAA39B361C9D22FF00A1B697 /* のど自慢.png */; };
		FAA39B401C9D22FF00A1B697 /* フォークダンス.png in Resources */ = {isa = PBXBuildFile; fileRef = FAA39B371C9D22FF00A1B697 /* フォークダンス.png */; };
		FAA39B411C9D22FF00A1B697 /* 春夜祭.png in Resources */ = {isa = PBXBuildFile; fileRef = FAA39B381C9D22FF00A1B697 /* 春夜祭.png */; };
		FAA39B421C9D22FF00A1B697 /* 替え歌選手権.png in Resources */ = {isa = PBXBuildFile; fileRef = FAA39B391C9D22FF00A1B697 /* 替え歌選手権.png */; };
		FAA39B471C9D2D9300A1B697 /* ボールぽこぽこ バナー.jpg in Resources */ = {isa = PBXBuildFile; fileRef = FAA39B451C9D2D9300A1B697 /* ボールぽこぽこ バナー.jpg */; };
		FAA39B481C9D2D9300A1B697 /* ミュージックサロン バナー.JPG in Resources */ = {isa = PBXBuildFile; fileRef = FAA39B461C9D2D9300A1B697 /* ミュージックサロン バナー.JPG */; };
		FAA39B4C1C9D330E00A1B697 /* Left.png in Resources */ = {isa = PBXBuildFile; fileRef = FAA39B491C9D330E00A1B697 /* Left.png */; };
		FAA39B4D1C9D330E00A1B697 /* map.jpg in Resources */ = {isa = PBXBuildFile; fileRef = FAA39B4A1C9D330E00A1B697 /* map.jpg */; };
		FAA39B4E1C9D330E00A1B697 /* Right.png in Resources */ = {isa = PBXBuildFile; fileRef = FAA39B4B1C9D330E00A1B697 /* Right.png */; };
		FAA39B521C9D433900A1B697 /* Flat Flight バナー1.jpg in Resources */ = {isa = PBXBuildFile; fileRef = FAA39B511C9D433900A1B697 /* Flat Flight バナー1.jpg */; };
		FAA39B5B1C9D458600A1B697 /* chocolat-π.png in Resources */ = {isa = PBXBuildFile; fileRef = FAA39B531C9D458600A1B697 /* chocolat-π.png */; };
		FAA39B5C1C9D458600A1B697 /* Juicy-Juicer.png in Resources */ = {isa = PBXBuildFile; fileRef = FAA39B541C9D458600A1B697 /* Juicy-Juicer.png */; };
		FAA39B5D1C9D458600A1B697 /* 駅弁.png in Resources */ = {isa = PBXBuildFile; fileRef = FAA39B551C9D458600A1B697 /* 駅弁.png */; };
		FAA39B5E1C9D458600A1B697 /* 山手の泉.png in Resources */ = {isa = PBXBuildFile; fileRef = FAA39B561C9D458600A1B697 /* 山手の泉.png */; };
		FAA39B5F1C9D458600A1B697 /* 題名のない音楽喫茶.png in Resources */ = {isa = PBXBuildFile; fileRef = FAA39B571C9D458600A1B697 /* 題名のない音楽喫茶.png */; };
		FAA39B601C9D458600A1B697 /* 鳥角.png in Resources */ = {isa = PBXBuildFile; fileRef = FAA39B581C9D458600A1B697 /* 鳥角.png */; };
		FAA39B611C9D458600A1B697 /* 氷菓.png in Resources */ = {isa = PBXBuildFile; fileRef = FAA39B591C9D458600A1B697 /* 氷菓.png */; };
		FAA39B621C9D458600A1B697 /* 綿's-candy.png in Resources */ = {isa = PBXBuildFile; fileRef = FAA39B5A1C9D458600A1B697 /* 綿's-candy.png */; };
		FABB0BDF1C560EEC0009ABAA /* ListView.m in Sources */ = {isa = PBXBuildFile; fileRef = FABB0BDE1C560EEC0009ABAA /* ListView.m */; };
		FABB0BE21C560F040009ABAA /* DetailView.m in Sources */ = {isa = PBXBuildFile; fileRef = FABB0BE11C560F040009ABAA /* DetailView.m */; };
		FAF5D6ED1CA169F500C2EEDC /* ぎゃんぶる。.jpg in Resources */ = {isa = PBXBuildFile; fileRef = FAF5D6EC1CA169F500C2EEDC /* ぎゃんぶる。.jpg */; };
		FAF5D6EF1CA1F94E00C2EEDC /* Seiko-Dance-Performance.png in Resources */ = {isa = PBXBuildFile; fileRef = FAF5D6EE1CA1F94E00C2EEDC /* Seiko-Dance-Performance.png */; };
		FAF9527F1CA3CE8D00797796 /* 少林寺拳法部演武会.png in Resources */ = {isa = PBXBuildFile; fileRef = FAF9527E1CA3CE8D00797796 /* 少林寺拳法部演武会.png */; };
/* End PBXBuildFile section */

/* Begin PBXContainerItemProxy section */
		7E4D55C21C49315C00BFE19C /* PBXContainerItemProxy */ = {
			isa = PBXContainerItemProxy;
			containerPortal = 7E4D55A01C49315B00BFE19C /* Project object */;
			proxyType = 1;
			remoteGlobalIDString = 7E4D55A71C49315B00BFE19C;
			remoteInfo = "Seiko Festa 57th";
		};
/* End PBXContainerItemProxy section */

/* Begin PBXFileReference section */
		7E0DC89C1C9D5E8600B45F37 /* ぽんでっくす-タイムテーブル.png */ = {isa = PBXFileReference; lastKnownFileType = image.png; path = "ぽんでっくす-タイムテーブル.png"; sourceTree = "<group>"; };
		7E0DC8A01C9D60EF00B45F37 /* Яooz-Leef-タイムテーブル.png */ = {isa = PBXFileReference; lastKnownFileType = image.png; path = "Яooz-Leef-タイムテーブル.png"; sourceTree = "<group>"; };
		7E0DC8A21C9D61AC00B45F37 /* Flat-Flight-タイムテーブル.png */ = {isa = PBXFileReference; lastKnownFileType = image.png; path = "Flat-Flight-タイムテーブル.png"; sourceTree = "<group>"; };
		7E0DC8A41C9D631300B45F37 /* Chaos-Illusion-タイムテーブル.png */ = {isa = PBXFileReference; lastKnownFileType = image.png; path = "Chaos-Illusion-タイムテーブル.png"; sourceTree = "<group>"; };
		7E0DC8A61C9D63F700B45F37 /* WEAK-END-タイムテーブル.png */ = {isa = PBXFileReference; lastKnownFileType = image.png; path = "WEAK-END-タイムテーブル.png"; sourceTree = "<group>"; };
		7E0DC8A81C9D64A100B45F37 /* ミュージックサロン-タイムテーブル小講堂.png */ = {isa = PBXFileReference; lastKnownFileType = image.png; path = "ミュージックサロン-タイムテーブル小講堂.png"; sourceTree = "<group>"; };
		7E0DC8AA1C9D64A100B45F37 /* 数学研究会模擬講義-タイムテーブル.png */ = {isa = PBXFileReference; lastKnownFileType = image.png; path = "数学研究会模擬講義-タイムテーブル.png"; sourceTree = "<group>"; };
		7E0DC8B21C9D673F00B45F37 /* 校長対談-タイムテーブル.png */ = {isa = PBXFileReference; lastKnownFileType = image.png; path = "校長対談-タイムテーブル.png"; sourceTree = "<group>"; };
		7E0DC8B41C9D6B3500B45F37 /* 恋愛偏差値-タイムテーブル.png */ = {isa = PBXFileReference; lastKnownFileType = image.png; path = "恋愛偏差値-タイムテーブル.png"; sourceTree = "<group>"; };
		7E0DC8B61C9D73D700B45F37 /* clock-7.png */ = {isa = PBXFileReference; lastKnownFileType = image.png; path = "clock-7.png"; sourceTree = "<group>"; };
		7E0DC8B81C9D73F800B45F37 /* Home-50.png */ = {isa = PBXFileReference; lastKnownFileType = image.png; path = "Home-50.png"; sourceTree = "<group>"; };
		7E0DC8BB1C9D7E9800B45F37 /* icon-29@2x.png */ = {isa = PBXFileReference; lastKnownFileType = image.png; path = "icon-29@2x.png"; sourceTree = "<group>"; };
		7E0DC8BC1C9D7E9800B45F37 /* icon-29@3x.png */ = {isa = PBXFileReference; lastKnownFileType = image.png; path = "icon-29@3x.png"; sourceTree = "<group>"; };
		7E0DC8BD1C9D7E9800B45F37 /* icon-40@2x.png */ = {isa = PBXFileReference; lastKnownFileType = image.png; path = "icon-40@2x.png"; sourceTree = "<group>"; };
		7E0DC8BE1C9D7E9800B45F37 /* icon-40@3x.png */ = {isa = PBXFileReference; lastKnownFileType = image.png; path = "icon-40@3x.png"; sourceTree = "<group>"; };
		7E0DC8BF1C9D7E9800B45F37 /* icon-60@2x.png */ = {isa = PBXFileReference; lastKnownFileType = image.png; path = "icon-60@2x.png"; sourceTree = "<group>"; };
		7E0DC8C01C9D7E9800B45F37 /* icon-60@3x.png */ = {isa = PBXFileReference; lastKnownFileType = image.png; path = "icon-60@3x.png"; sourceTree = "<group>"; };
		7E0DC8C71C9D7FAA00B45F37 /* Default-568h@2x.png */ = {isa = PBXFileReference; lastKnownFileType = image.png; path = "Default-568h@2x.png"; sourceTree = "<group>"; };
		7E0DC8C81C9D7FAA00B45F37 /* Default@2x.png */ = {isa = PBXFileReference; lastKnownFileType = image.png; path = "Default@2x.png"; sourceTree = "<group>"; };
		7E3EB4791C79DAB900F3B2A0 /* TimetableViewController.h */ = {isa = PBXFileReference; fileEncoding = 4; lastKnownFileType = sourcecode.c.h; name = TimetableViewController.h; path = ../TimetableViewController.h; sourceTree = "<group>"; };
		7E3EB47A1C79DAB900F3B2A0 /* TimetableViewController.m */ = {isa = PBXFileReference; fileEncoding = 4; lastKnownFileType = sourcecode.c.objc; name = TimetableViewController.m; path = ../TimetableViewController.m; sourceTree = "<group>"; };
		7E3FE6E71CA02782000E0281 /* MyriadPro-Regular.otf */ = {isa = PBXFileReference; lastKnownFileType = file; path = "MyriadPro-Regular.otf"; sourceTree = "<group>"; };
		7E4D55A81C49315B00BFE19C /* Seiko Festa 57th.app */ = {isa = PBXFileReference; explicitFileType = wrapper.application; includeInIndex = 0; path = "Seiko Festa 57th.app"; sourceTree = BUILT_PRODUCTS_DIR; };
		7E4D55AC1C49315C00BFE19C /* Info.plist */ = {isa = PBXFileReference; lastKnownFileType = text.plist.xml; path = Info.plist; sourceTree = "<group>"; };
		7E4D55AD1C49315C00BFE19C /* main.m */ = {isa = PBXFileReference; lastKnownFileType = sourcecode.c.objc; path = main.m; sourceTree = "<group>"; };
		7E4D55AF1C49315C00BFE19C /* AppDelegate.h */ = {isa = PBXFileReference; lastKnownFileType = sourcecode.c.h; path = AppDelegate.h; sourceTree = "<group>"; };
		7E4D55B01C49315C00BFE19C /* AppDelegate.m */ = {isa = PBXFileReference; lastKnownFileType = sourcecode.c.objc; path = AppDelegate.m; sourceTree = "<group>"; };
		7E4D55B21C49315C00BFE19C /* ViewController.h */ = {isa = PBXFileReference; lastKnownFileType = sourcecode.c.h; path = ViewController.h; sourceTree = "<group>"; };
		7E4D55B31C49315C00BFE19C /* ViewController.m */ = {isa = PBXFileReference; lastKnownFileType = sourcecode.c.objc; path = ViewController.m; sourceTree = "<group>"; };
		7E4D55B61C49315C00BFE19C /* Base */ = {isa = PBXFileReference; lastKnownFileType = file.storyboard; name = Base; path = Base.lproj/Main.storyboard; sourceTree = "<group>"; };
		7E4D55B81C49315C00BFE19C /* Images.xcassets */ = {isa = PBXFileReference; lastKnownFileType = folder.assetcatalog; path = Images.xcassets; sourceTree = "<group>"; };
		7E4D55C11C49315C00BFE19C /* Seiko Festa 57thTests.xctest */ = {isa = PBXFileReference; explicitFileType = wrapper.cfbundle; includeInIndex = 0; path = "Seiko Festa 57thTests.xctest"; sourceTree = BUILT_PRODUCTS_DIR; };
		7E4D55C61C49315C00BFE19C /* Info.plist */ = {isa = PBXFileReference; lastKnownFileType = text.plist.xml; path = Info.plist; sourceTree = "<group>"; };
		7E4D55C71C49315C00BFE19C /* Seiko_Festa_57thTests.m */ = {isa = PBXFileReference; lastKnownFileType = sourcecode.c.objc; path = Seiko_Festa_57thTests.m; sourceTree = "<group>"; };
		7EB711861C9EDEF300E0F691 /* 奴等-タイムテーブル.png */ = {isa = PBXFileReference; lastKnownFileType = image.png; path = "奴等-タイムテーブル.png"; sourceTree = "<group>"; };
		7ECB09CD1C9DACF9008DECDD /* 天使の歌声-タイムテーブル.png */ = {isa = PBXFileReference; lastKnownFileType = image.png; path = "天使の歌声-タイムテーブル.png"; sourceTree = "<group>"; };
		7ED1CBFB1C9842A900D4F038 /* 校長対談.png */ = {isa = PBXFileReference; lastKnownFileType = image.png; path = "校長対談.png"; sourceTree = "<group>"; };
		7ED1CBFF1C9845CA00D4F038 /* グリークラブ.png */ = {isa = PBXFileReference; lastKnownFileType = image.png; path = "グリークラブ.png"; sourceTree = "<group>"; };
		7ED21AB51C79986D00AA9E83 /* QuartzCore.framework */ = {isa = PBXFileReference; lastKnownFileType = wrapper.framework; name = QuartzCore.framework; path = System/Library/Frameworks/QuartzCore.framework; sourceTree = SDKROOT; };
		7ED21AB71C7998B900AA9E83 /* CoreGraphics.framework */ = {isa = PBXFileReference; lastKnownFileType = wrapper.framework; name = CoreGraphics.framework; path = System/Library/Frameworks/CoreGraphics.framework; sourceTree = SDKROOT; };
		7ED21ABA1C79998200AA9E83 /* AVFoundation.framework */ = {isa = PBXFileReference; lastKnownFileType = wrapper.framework; name = AVFoundation.framework; path = System/Library/Frameworks/AVFoundation.framework; sourceTree = SDKROOT; };
		7ED6F5181CA418320077425C /* The-笑-1-GP-タイムテーブル.png */ = {isa = PBXFileReference; lastKnownFileType = image.png; path = "The-笑-1-GP-タイムテーブル.png"; sourceTree = "<group>"; };
		7ED6F51A1CA419370077425C /* せいとんがかり.png */ = {isa = PBXFileReference; lastKnownFileType = image.png; path = "せいとんがかり.png"; sourceTree = "<group>"; };
		7ED6F51C1CA41BEC0077425C /* The 笑-1 GP.png */ = {isa = PBXFileReference; lastKnownFileType = image.png; path = "The 笑-1 GP.png"; sourceTree = "<group>"; };
		7ED6F51E1CA41C5C0077425C /* 早撃ちジョニー.png */ = {isa = PBXFileReference; lastKnownFileType = image.png; path = "早撃ちジョニー.png"; sourceTree = "<group>"; };
		7ED6F5201CA41C7F0077425C /* 78枚目のJOKER.png */ = {isa = PBXFileReference; lastKnownFileType = image.png; path = "78枚目のJOKER.png"; sourceTree = "<group>"; };
		7ED6F5221CA41C8E0077425C /* ぶいえいす.png */ = {isa = PBXFileReference; lastKnownFileType = image.png; path = "ぶいえいす.png"; sourceTree = "<group>"; };
		7ED6F5241CA41C9B0077425C /* 地理歴史巡検部.png */ = {isa = PBXFileReference; lastKnownFileType = image.png; path = "地理歴史巡検部.png"; sourceTree = "<group>"; };
		7ED6F5261CA41CB00077425C /* 藤子・Ｆ・不二雄研究会.png */ = {isa = PBXFileReference; lastKnownFileType = image.png; path = "藤子・Ｆ・不二雄研究会.png"; sourceTree = "<group>"; };
		7ED6F5281CA4208F0077425C /* 横浜漫才フィルム.png */ = {isa = PBXFileReference; lastKnownFileType = image.png; path = "横浜漫才フィルム.png"; sourceTree = "<group>"; };
		7EF2D8D91C9D4FAB008F76E8 /* ボールぽこぽこ-タイムテーブル.png */ = {isa = PBXFileReference; lastKnownFileType = image.png; path = "ボールぽこぽこ-タイムテーブル.png"; sourceTree = "<group>"; };
		7EF2D8DA1C9D4FAB008F76E8 /* ミュージックサロン-タイムテーブル.png */ = {isa = PBXFileReference; lastKnownFileType = image.png; path = "ミュージックサロン-タイムテーブル.png"; sourceTree = "<group>"; };
		7EF2D8DB1C9D4FAB008F76E8 /* 英語劇-タイムテーブル.png */ = {isa = PBXFileReference; lastKnownFileType = image.png; path = "英語劇-タイムテーブル.png"; sourceTree = "<group>"; };
		7EF2D8DF1C9D5101008F76E8 /* ○○男子No.1決定戦-タイムテーブル.png */ = {isa = PBXFileReference; lastKnownFileType = image.png; path = "○○男子No.1決定戦-タイムテーブル.png"; sourceTree = "<group>"; };
		7EF2D8E11C9D5101008F76E8 /* S-O-S-タイムテーブル.png */ = {isa = PBXFileReference; lastKnownFileType = image.png; path = "S-O-S-タイムテーブル.png"; sourceTree = "<group>"; };
		7EF2D8E21C9D5101008F76E8 /* ギネスに挑戦！！-タイムテーブル.png */ = {isa = PBXFileReference; lastKnownFileType = image.png; path = "ギネスに挑戦！！-タイムテーブル.png"; sourceTree = "<group>"; };
		7EF2D8E31C9D5101008F76E8 /* コミュ力の窓-タイムテーブル.png */ = {isa = PBXFileReference; lastKnownFileType = image.png; path = "コミュ力の窓-タイムテーブル.png"; sourceTree = "<group>"; };
		7EF2D8E41C9D5101008F76E8 /* のど自慢-タイムテーブル.png */ = {isa = PBXFileReference; lastKnownFileType = image.png; path = "のど自慢-タイムテーブル.png"; sourceTree = "<group>"; };
		7EF2D8E51C9D5101008F76E8 /* 春夜祭-タイムテーブル.png */ = {isa = PBXFileReference; lastKnownFileType = image.png; path = "春夜祭-タイムテーブル.png"; sourceTree = "<group>"; };
		7EF2D8E61C9D5101008F76E8 /* 替え歌選手権！！-タイムテーブル.png */ = {isa = PBXFileReference; lastKnownFileType = image.png; path = "替え歌選手権！！-タイムテーブル.png"; sourceTree = "<group>"; };
		7EF2D8EF1C9D5549008F76E8 /* Mr.聖光-タイムテーブル.png */ = {isa = PBXFileReference; lastKnownFileType = image.png; path = "Mr.聖光-タイムテーブル.png"; sourceTree = "<group>"; };
		7EF2D8F21C9D57CE008F76E8 /* M&A-タイムテーブル.png */ = {isa = PBXFileReference; lastKnownFileType = image.png; path = "M&A-タイムテーブル.png"; sourceTree = "<group>"; };
		7EF2D8F41C9D57CE008F76E8 /* 蜃気楼-タイムテーブル.png */ = {isa = PBXFileReference; lastKnownFileType = image.png; path = "蜃気楼-タイムテーブル.png"; sourceTree = "<group>"; };
		7EF2D8FC1C9D5A11008F76E8 /* エストレーラ-タイムテーブル.png */ = {isa = PBXFileReference; lastKnownFileType = image.png; path = "エストレーラ-タイムテーブル.png"; sourceTree = "<group>"; };
		FA0F10DE1C9E7F0300AF0155 /* 弦楽オーケストラ部.png */ = {isa = PBXFileReference; lastKnownFileType = image.png; path = "弦楽オーケストラ部.png"; sourceTree = "<group>"; };
		FA0F10DF1C9E7F0300AF0155 /* 吹奏楽部.png */ = {isa = PBXFileReference; lastKnownFileType = image.png; path = "吹奏楽部.png"; sourceTree = "<group>"; };
		FA0F10E01C9E7F0300AF0155 /* 天使の歌声.png */ = {isa = PBXFileReference; lastKnownFileType = image.png; path = "天使の歌声.png"; sourceTree = "<group>"; };
		FA0F10E41C9E7F1200AF0155 /* 数学研究会模擬講義.png */ = {isa = PBXFileReference; lastKnownFileType = image.png; path = "数学研究会模擬講義.png"; sourceTree = "<group>"; };
		FA0F10E51C9E7F1200AF0155 /* 恋愛偏差値.png */ = {isa = PBXFileReference; lastKnownFileType = image.png; path = "恋愛偏差値.png"; sourceTree = "<group>"; };
		FA0F10EA1C9E7F3100AF0155 /* 剣道部.png */ = {isa = PBXFileReference; lastKnownFileType = image.png; path = "剣道部.png"; sourceTree = "<group>"; };
		FA2383E71CA0A445003BBDA5 /* EHC Jurassic.jpg */ = {isa = PBXFileReference; lastKnownFileType = image.jpeg; path = "EHC Jurassic.jpg"; sourceTree = "<group>"; };
		FA2383E81CA0A445003BBDA5 /* SeSDA〜聖光宇宙センター〜.jpg */ = {isa = PBXFileReference; lastKnownFileType = image.jpeg; path = "SeSDA〜聖光宇宙センター〜.jpg"; sourceTree = "<group>"; };
		FA2383E91CA0A445003BBDA5 /* Shockers.jpg */ = {isa = PBXFileReference; lastKnownFileType = image.jpeg; path = Shockers.jpg; sourceTree = "<group>"; };
		FA2383EA1CA0A445003BBDA5 /* Showtime!.png */ = {isa = PBXFileReference; lastKnownFileType = image.png; path = "Showtime!.png"; sourceTree = "<group>"; };
		FA2383EB1CA0A445003BBDA5 /* アニメ研究会.png */ = {isa = PBXFileReference; lastKnownFileType = image.png; path = "アニメ研究会.png"; sourceTree = "<group>"; };
		FA2383EC1CA0A445003BBDA5 /* かるた会.jpg */ = {isa = PBXFileReference; lastKnownFileType = image.jpeg; path = "かるた会.jpg"; sourceTree = "<group>"; };
		FA2383EE1CA0A445003BBDA5 /* クイズ研究会.png */ = {isa = PBXFileReference; lastKnownFileType = image.png; path = "クイズ研究会.png"; sourceTree = "<group>"; };
		FA2383EF1CA0A445003BBDA5 /* コンピュータ部.jpg */ = {isa = PBXFileReference; lastKnownFileType = image.jpeg; path = "コンピュータ部.jpg"; sourceTree = "<group>"; };
		FA2383F01CA0A445003BBDA5 /* とにかく明るいＦｅｓ村.png */ = {isa = PBXFileReference; lastKnownFileType = image.png; path = "とにかく明るいＦｅｓ村.png"; sourceTree = "<group>"; };
		FA2383F11CA0A445003BBDA5 /* ベイスターズ研究会.jpg */ = {isa = PBXFileReference; lastKnownFileType = image.jpeg; path = "ベイスターズ研究会.jpg"; sourceTree = "<group>"; };
		FA2383F21CA0A445003BBDA5 /* ボーカロイド研究会.png */ = {isa = PBXFileReference; lastKnownFileType = image.png; path = "ボーカロイド研究会.png"; sourceTree = "<group>"; };
		FA2383F31CA0A445003BBDA5 /* ポケモンセンターSeiko.png */ = {isa = PBXFileReference; lastKnownFileType = image.png; path = "ポケモンセンターSeiko.png"; sourceTree = "<group>"; };
		FA2383F41CA0A445003BBDA5 /* リアル野球盤.png */ = {isa = PBXFileReference; lastKnownFileType = image.png; path = "リアル野球盤.png"; sourceTree = "<group>"; };
		FA2383F51CA0A445003BBDA5 /* 宇宙戦艦ヤマト研究会.jpg */ = {isa = PBXFileReference; lastKnownFileType = image.jpeg; path = "宇宙戦艦ヤマト研究会.jpg"; sourceTree = "<group>"; };
		FA2383F71CA0A445003BBDA5 /* 古本市.png */ = {isa = PBXFileReference; lastKnownFileType = image.png; path = "古本市.png"; sourceTree = "<group>"; };
		FA2383F81CA0A445003BBDA5 /* 交通研究部.jpg */ = {isa = PBXFileReference; lastKnownFileType = image.jpeg; path = "交通研究部.jpg"; sourceTree = "<group>"; };
		FA2383F91CA0A445003BBDA5 /* 常夜灯.png */ = {isa = PBXFileReference; lastKnownFileType = image.png; path = "常夜灯.png"; sourceTree = "<group>"; };
		FA2383FA1CA0A445003BBDA5 /* 人狼の館.jpg */ = {isa = PBXFileReference; lastKnownFileType = image.jpeg; path = "人狼の館.jpg"; sourceTree = "<group>"; };
		FA2383FB1CA0A445003BBDA5 /* 数学研究会.png */ = {isa = PBXFileReference; lastKnownFileType = image.png; path = "数学研究会.png"; sourceTree = "<group>"; };
		FA2383FC1CA0A445003BBDA5 /* 生物部.png */ = {isa = PBXFileReference; lastKnownFileType = image.png; path = "生物部.png"; sourceTree = "<group>"; };
		FA2383FD1CA0A445003BBDA5 /* 聖光祭からの脱出.png */ = {isa = PBXFileReference; lastKnownFileType = image.png; path = "聖光祭からの脱出.png"; sourceTree = "<group>"; };
		FA2383FE1CA0A445003BBDA5 /* 聖光道場.jpg */ = {isa = PBXFileReference; lastKnownFileType = image.jpeg; path = "聖光道場.jpg"; sourceTree = "<group>"; };
		FA2383FF1CA0A445003BBDA5 /* 聖書研究会.jpg */ = {isa = PBXFileReference; lastKnownFileType = image.jpeg; path = "聖書研究会.jpg"; sourceTree = "<group>"; };
		FA2384011CA0A445003BBDA5 /* 地学天文学部.png */ = {isa = PBXFileReference; lastKnownFileType = image.png; path = "地学天文学部.png"; sourceTree = "<group>"; };
		FA2384031CA0A445003BBDA5 /* 美術部.png */ = {isa = PBXFileReference; lastKnownFileType = image.png; path = "美術部.png"; sourceTree = "<group>"; };
		FA2384041CA0A445003BBDA5 /* 物理科学部.png */ = {isa = PBXFileReference; lastKnownFileType = image.png; path = "物理科学部.png"; sourceTree = "<group>"; };
		FA2384051CA0A445003BBDA5 /* 本の泉.png */ = {isa = PBXFileReference; lastKnownFileType = image.png; path = "本の泉.png"; sourceTree = "<group>"; };
		FA2384061CA0A445003BBDA5 /* 魔女の卓球便.png */ = {isa = PBXFileReference; lastKnownFileType = image.png; path = "魔女の卓球便.png"; sourceTree = "<group>"; };
		FA6CEB901CA026CB002571EF /* Coming-Soon.jpg */ = {isa = PBXFileReference; lastKnownFileType = image.jpeg; path = "Coming-Soon.jpg"; sourceTree = "<group>"; };
		FA8098A31C9FF6B400B2E939 /* Addiction？.png */ = {isa = PBXFileReference; lastKnownFileType = image.png; path = "Addiction？.png"; sourceTree = "<group>"; };
		FA8098A41C9FF6B400B2E939 /* Million-Dollars.png */ = {isa = PBXFileReference; lastKnownFileType = image.png; path = "Million-Dollars.png"; sourceTree = "<group>"; };
		FA8098A51C9FF6B400B2E939 /* 奴等.png */ = {isa = PBXFileReference; lastKnownFileType = image.png; path = "奴等.png"; sourceTree = "<group>"; };
		FA8098A61C9FF6B400B2E939 /* Яooz-Leef.png */ = {isa = PBXFileReference; lastKnownFileType = image.png; path = "Яooz-Leef.png"; sourceTree = "<group>"; };
		FAA39AF41C9D089C00A1B697 /* Flapjack.png */ = {isa = PBXFileReference; lastKnownFileType = image.png; path = Flapjack.png; sourceTree = "<group>"; };
		FAA39AF51C9D089C00A1B697 /* クレープブレーク.png */ = {isa = PBXFileReference; lastKnownFileType = image.png; path = "クレープブレーク.png"; sourceTree = "<group>"; };
		FAA39AF61C9D089C00A1B697 /* 塩焼きそば　麺’sRUNRUN.png */ = {isa = PBXFileReference; lastKnownFileType = image.png; path = "塩焼きそば　麺’sRUNRUN.png"; sourceTree = "<group>"; };
		FAA39AF71C9D089C00A1B697 /* 俺のケバブ.jpg */ = {isa = PBXFileReference; lastKnownFileType = image.jpeg; path = "俺のケバブ.jpg"; sourceTree = "<group>"; };
		FAA39AF81C9D089C00A1B697 /* 鉄板職人.jpg */ = {isa = PBXFileReference; lastKnownFileType = image.jpeg; path = "鉄板職人.jpg"; sourceTree = "<group>"; };
		FAA39AF91C9D089C00A1B697 /* 麺☆恋.png */ = {isa = PBXFileReference; lastKnownFileType = image.png; path = "麺☆恋.png"; sourceTree = "<group>"; };
		FAA39B0F1C9D172200A1B697 /* Trick×Hark.jpg */ = {isa = PBXFileReference; lastKnownFileType = image.jpeg; path = "Trick×Hark.jpg"; sourceTree = "<group>"; };
		FAA39B101C9D172200A1B697 /* インターアクト.png */ = {isa = PBXFileReference; lastKnownFileType = image.png; path = "インターアクト.png"; sourceTree = "<group>"; };
		FAA39B111C9D172200A1B697 /* 英語劇.png */ = {isa = PBXFileReference; lastKnownFileType = image.png; path = "英語劇.png"; sourceTree = "<group>"; };
		FAA39B121C9D172200A1B697 /* 高3英語劇.png */ = {isa = PBXFileReference; lastKnownFileType = image.png; path = "高3英語劇.png"; sourceTree = "<group>"; };
		FAA39B131C9D172200A1B697 /* 迷いの国のアリス.png */ = {isa = PBXFileReference; lastKnownFileType = image.png; path = "迷いの国のアリス.png"; sourceTree = "<group>"; };
		FAA39B191C9D18CA00A1B697 /* Flat-Flight.png */ = {isa = PBXFileReference; lastKnownFileType = image.png; path = "Flat-Flight.png"; sourceTree = "<group>"; };
		FAA39B1A1C9D18CA00A1B697 /* M&A.png */ = {isa = PBXFileReference; lastKnownFileType = image.png; path = "M&A.png"; sourceTree = "<group>"; };
		FAA39B1B1C9D18CA00A1B697 /* エストレーラ.png */ = {isa = PBXFileReference; lastKnownFileType = image.png; path = "エストレーラ.png"; sourceTree = "<group>"; };
		FAA39B1C1C9D18CA00A1B697 /* ぽんでっくす.png */ = {isa = PBXFileReference; lastKnownFileType = image.png; path = "ぽんでっくす.png"; sourceTree = "<group>"; };
		FAA39B1D1C9D18CA00A1B697 /* 蜃気楼.png */ = {isa = PBXFileReference; lastKnownFileType = image.png; path = "蜃気楼.png"; sourceTree = "<group>"; };
		FAA39B241C9D190100A1B697 /* Chaos-illusion.png */ = {isa = PBXFileReference; lastKnownFileType = image.png; path = "Chaos-illusion.png"; sourceTree = "<group>"; };
		FAA39B261C9D190700A1B697 /* WEAK-END.png */ = {isa = PBXFileReference; lastKnownFileType = image.png; path = "WEAK-END.png"; sourceTree = "<group>"; };
		FAA39B291C9D1EA000A1B697 /* 英語劇講堂劇.png */ = {isa = PBXFileReference; lastKnownFileType = image.png; path = "英語劇講堂劇.png"; sourceTree = "<group>"; };
		FAA39B2B1C9D1EAB00A1B697 /* ボールぽこぽこ.png */ = {isa = PBXFileReference; lastKnownFileType = image.png; path = "ボールぽこぽこ.png"; sourceTree = "<group>"; };
		FAA39B2D1C9D1EB100A1B697 /* Grand-Finale.png */ = {isa = PBXFileReference; lastKnownFileType = image.png; path = "Grand-Finale.png"; sourceTree = "<group>"; };
		FAA39B2F1C9D1F1400A1B697 /* ミュージックサロン.png */ = {isa = PBXFileReference; lastKnownFileType = image.png; path = "ミュージックサロン.png"; sourceTree = "<group>"; };
		FAA39B311C9D22FF00A1B697 /* ○○男子No.1決定戦.png */ = {isa = PBXFileReference; lastKnownFileType = image.png; path = "○○男子No.1決定戦.png"; sourceTree = "<group>"; };
		FAA39B321C9D22FF00A1B697 /* Mr.聖光.png */ = {isa = PBXFileReference; lastKnownFileType = image.png; path = "Mr.聖光.png"; sourceTree = "<group>"; };
		FAA39B331C9D22FF00A1B697 /* S-O-S.png */ = {isa = PBXFileReference; lastKnownFileType = image.png; path = "S-O-S.png"; sourceTree = "<group>"; };
		FAA39B341C9D22FF00A1B697 /* ギネスに挑戦！！.png */ = {isa = PBXFileReference; lastKnownFileType = image.png; path = "ギネスに挑戦！！.png"; sourceTree = "<group>"; };
		FAA39B351C9D22FF00A1B697 /* コミュ力の窓.png */ = {isa = PBXFileReference; lastKnownFileType = image.png; path = "コミュ力の窓.png"; sourceTree = "<group>"; };
		FAA39B361C9D22FF00A1B697 /* のど自慢.png */ = {isa = PBXFileReference; lastKnownFileType = image.png; path = "のど自慢.png"; sourceTree = "<group>"; };
		FAA39B371C9D22FF00A1B697 /* フォークダンス.png */ = {isa = PBXFileReference; lastKnownFileType = image.png; path = "フォークダンス.png"; sourceTree = "<group>"; };
		FAA39B381C9D22FF00A1B697 /* 春夜祭.png */ = {isa = PBXFileReference; lastKnownFileType = image.png; path = "春夜祭.png"; sourceTree = "<group>"; };
		FAA39B391C9D22FF00A1B697 /* 替え歌選手権.png */ = {isa = PBXFileReference; lastKnownFileType = image.png; path = "替え歌選手権.png"; sourceTree = "<group>"; };
		FAA39B451C9D2D9300A1B697 /* ボールぽこぽこ バナー.jpg */ = {isa = PBXFileReference; lastKnownFileType = image.jpeg; path = "ボールぽこぽこ バナー.jpg"; sourceTree = "<group>"; };
		FAA39B461C9D2D9300A1B697 /* ミュージックサロン バナー.JPG */ = {isa = PBXFileReference; lastKnownFileType = image.jpeg; path = "ミュージックサロン バナー.JPG"; sourceTree = "<group>"; };
		FAA39B491C9D330E00A1B697 /* Left.png */ = {isa = PBXFileReference; lastKnownFileType = image.png; path = Left.png; sourceTree = "<group>"; };
		FAA39B4A1C9D330E00A1B697 /* map.jpg */ = {isa = PBXFileReference; lastKnownFileType = image.jpeg; path = map.jpg; sourceTree = "<group>"; };
		FAA39B4B1C9D330E00A1B697 /* Right.png */ = {isa = PBXFileReference; lastKnownFileType = image.png; path = Right.png; sourceTree = "<group>"; };
		FAA39B511C9D433900A1B697 /* Flat Flight バナー1.jpg */ = {isa = PBXFileReference; lastKnownFileType = image.jpeg; path = "Flat Flight バナー1.jpg"; sourceTree = "<group>"; };
		FAA39B531C9D458600A1B697 /* chocolat-π.png */ = {isa = PBXFileReference; lastKnownFileType = image.png; path = "chocolat-π.png"; sourceTree = "<group>"; };
		FAA39B541C9D458600A1B697 /* Juicy-Juicer.png */ = {isa = PBXFileReference; lastKnownFileType = image.png; path = "Juicy-Juicer.png"; sourceTree = "<group>"; };
		FAA39B551C9D458600A1B697 /* 駅弁.png */ = {isa = PBXFileReference; lastKnownFileType = image.png; path = "駅弁.png"; sourceTree = "<group>"; };
		FAA39B561C9D458600A1B697 /* 山手の泉.png */ = {isa = PBXFileReference; lastKnownFileType = image.png; path = "山手の泉.png"; sourceTree = "<group>"; };
		FAA39B571C9D458600A1B697 /* 題名のない音楽喫茶.png */ = {isa = PBXFileReference; lastKnownFileType = image.png; path = "題名のない音楽喫茶.png"; sourceTree = "<group>"; };
		FAA39B581C9D458600A1B697 /* 鳥角.png */ = {isa = PBXFileReference; lastKnownFileType = image.png; path = "鳥角.png"; sourceTree = "<group>"; };
		FAA39B591C9D458600A1B697 /* 氷菓.png */ = {isa = PBXFileReference; lastKnownFileType = image.png; path = "氷菓.png"; sourceTree = "<group>"; };
		FAA39B5A1C9D458600A1B697 /* 綿's-candy.png */ = {isa = PBXFileReference; lastKnownFileType = image.png; path = "綿's-candy.png"; sourceTree = "<group>"; };
		FABB0BDD1C560EEC0009ABAA /* ListView.h */ = {isa = PBXFileReference; fileEncoding = 4; lastKnownFileType = sourcecode.c.h; path = ListView.h; sourceTree = "<group>"; };
		FABB0BDE1C560EEC0009ABAA /* ListView.m */ = {isa = PBXFileReference; fileEncoding = 4; lastKnownFileType = sourcecode.c.objc; path = ListView.m; sourceTree = "<group>"; };
		FABB0BE01C560F040009ABAA /* DetailView.h */ = {isa = PBXFileReference; fileEncoding = 4; lastKnownFileType = sourcecode.c.h; path = DetailView.h; sourceTree = "<group>"; };
		FABB0BE11C560F040009ABAA /* DetailView.m */ = {isa = PBXFileReference; fileEncoding = 4; lastKnownFileType = sourcecode.c.objc; path = DetailView.m; sourceTree = "<group>"; };
		FAF5D6EC1CA169F500C2EEDC /* ぎゃんぶる。.jpg */ = {isa = PBXFileReference; lastKnownFileType = image.jpeg; path = "ぎゃんぶる。.jpg"; sourceTree = "<group>"; };
		FAF5D6EE1CA1F94E00C2EEDC /* Seiko-Dance-Performance.png */ = {isa = PBXFileReference; lastKnownFileType = image.png; path = "Seiko-Dance-Performance.png"; sourceTree = "<group>"; };
		FAF9527E1CA3CE8D00797796 /* 少林寺拳法部演武会.png */ = {isa = PBXFileReference; lastKnownFileType = image.png; path = "少林寺拳法部演武会.png"; sourceTree = "<group>"; };
/* End PBXFileReference section */

/* Begin PBXFrameworksBuildPhase section */
		7E4D55A51C49315B00BFE19C /* Frameworks */ = {
			isa = PBXFrameworksBuildPhase;
			buildActionMask = 2147483647;
			files = (
				7ED21ABB1C79998200AA9E83 /* AVFoundation.framework in Frameworks */,
				7ED21AB81C7998B900AA9E83 /* CoreGraphics.framework in Frameworks */,
				7ED21AB61C79986D00AA9E83 /* QuartzCore.framework in Frameworks */,
			);
			runOnlyForDeploymentPostprocessing = 0;
		};
		7E4D55BE1C49315C00BFE19C /* Frameworks */ = {
			isa = PBXFrameworksBuildPhase;
			buildActionMask = 2147483647;
			files = (
			);
			runOnlyForDeploymentPostprocessing = 0;
		};
/* End PBXFrameworksBuildPhase section */

/* Begin PBXGroup section */
		7E0DC8BA1C9D7E5900B45F37 /* Icons */ = {
			isa = PBXGroup;
			children = (
				7E0DC8BB1C9D7E9800B45F37 /* icon-29@2x.png */,
				7E0DC8BC1C9D7E9800B45F37 /* icon-29@3x.png */,
				7E0DC8BD1C9D7E9800B45F37 /* icon-40@2x.png */,
				7E0DC8BE1C9D7E9800B45F37 /* icon-40@3x.png */,
				7E0DC8BF1C9D7E9800B45F37 /* icon-60@2x.png */,
				7E0DC8C01C9D7E9800B45F37 /* icon-60@3x.png */,
				7E0DC8C71C9D7FAA00B45F37 /* Default-568h@2x.png */,
				7E0DC8C81C9D7FAA00B45F37 /* Default@2x.png */,
			);
			name = Icons;
			sourceTree = "<group>";
		};
		7E3FE6E61CA0276B000E0281 /* Fonts */ = {
			isa = PBXGroup;
			children = (
				7E3FE6E71CA02782000E0281 /* MyriadPro-Regular.otf */,
			);
			name = Fonts;
			sourceTree = "<group>";
		};
		7E4D559F1C49315B00BFE19C = {
			isa = PBXGroup;
			children = (
				7E4D55AA1C49315B00BFE19C /* Seiko Festa 57th */,
				7E4D55C41C49315C00BFE19C /* Seiko Festa 57thTests */,
				7ED21AB91C7998CE00AA9E83 /* Frameworks */,
				7E4D55A91C49315B00BFE19C /* Products */,
			);
			sourceTree = "<group>";
		};
		7E4D55A91C49315B00BFE19C /* Products */ = {
			isa = PBXGroup;
			children = (
				7E4D55A81C49315B00BFE19C /* Seiko Festa 57th.app */,
				7E4D55C11C49315C00BFE19C /* Seiko Festa 57thTests.xctest */,
			);
			name = Products;
			sourceTree = "<group>";
		};
		7E4D55AA1C49315B00BFE19C /* Seiko Festa 57th */ = {
			isa = PBXGroup;
			children = (
				7E4D55AF1C49315C00BFE19C /* AppDelegate.h */,
				7E4D55B01C49315C00BFE19C /* AppDelegate.m */,
				7E4D55B51C49315C00BFE19C /* Main.storyboard */,
				7E4D55B21C49315C00BFE19C /* ViewController.h */,
				7E4D55B31C49315C00BFE19C /* ViewController.m */,
				FABB0BDD1C560EEC0009ABAA /* ListView.h */,
				FABB0BDE1C560EEC0009ABAA /* ListView.m */,
				FABB0BE01C560F040009ABAA /* DetailView.h */,
				FABB0BE11C560F040009ABAA /* DetailView.m */,
				7E3EB4791C79DAB900F3B2A0 /* TimetableViewController.h */,
				7E3EB47A1C79DAB900F3B2A0 /* TimetableViewController.m */,
				7E4D55B81C49315C00BFE19C /* Images.xcassets */,
				7E4D55D11C4944F300BFE19C /* Images */,
				7E0DC8BA1C9D7E5900B45F37 /* Icons */,
				7E3FE6E61CA0276B000E0281 /* Fonts */,
				7E4D55AB1C49315B00BFE19C /* Supporting Files */,
			);
			path = "Seiko Festa 57th";
			sourceTree = "<group>";
		};
		7E4D55AB1C49315B00BFE19C /* Supporting Files */ = {
			isa = PBXGroup;
			children = (
				7E4D55AC1C49315C00BFE19C /* Info.plist */,
				7E4D55AD1C49315C00BFE19C /* main.m */,
			);
			name = "Supporting Files";
			sourceTree = "<group>";
		};
		7E4D55C41C49315C00BFE19C /* Seiko Festa 57thTests */ = {
			isa = PBXGroup;
			children = (
				7E4D55C71C49315C00BFE19C /* Seiko_Festa_57thTests.m */,
				7E4D55C51C49315C00BFE19C /* Supporting Files */,
			);
			path = "Seiko Festa 57thTests";
			sourceTree = "<group>";
		};
		7E4D55C51C49315C00BFE19C /* Supporting Files */ = {
			isa = PBXGroup;
			children = (
				7E4D55C61C49315C00BFE19C /* Info.plist */,
			);
			name = "Supporting Files";
			sourceTree = "<group>";
		};
		7E4D55D11C4944F300BFE19C /* Images */ = {
			isa = PBXGroup;
			children = (
				7E0DC8B61C9D73D700B45F37 /* clock-7.png */,
				7E0DC8B81C9D73F800B45F37 /* Home-50.png */,
				FAA39B491C9D330E00A1B697 /* Left.png */,
				FAA39B4A1C9D330E00A1B697 /* map.jpg */,
				FAA39B4B1C9D330E00A1B697 /* Right.png */,
				FA6CEB901CA026CB002571EF /* Coming-Soon.jpg */,
				FAA39B001C9D093200A1B697 /* 角丸アイコン */,
				FAA39B441C9D2D0400A1B697 /* バナー */,
				7EF2D8C81C9D4E6B008F76E8 /* タイムテーブル */,
			);
			name = Images;
			sourceTree = "<group>";
		};
		7ED21AB91C7998CE00AA9E83 /* Frameworks */ = {
			isa = PBXGroup;
			children = (
				7ED21ABA1C79998200AA9E83 /* AVFoundation.framework */,
				7ED21AB71C7998B900AA9E83 /* CoreGraphics.framework */,
				7ED21AB51C79986D00AA9E83 /* QuartzCore.framework */,
			);
			name = Frameworks;
			sourceTree = "<group>";
		};
		7EF2D8C81C9D4E6B008F76E8 /* タイムテーブル */ = {
			isa = PBXGroup;
			children = (
				7EF2D8D01C9D4F07008F76E8 /* 1日目 */,
			);
			name = "タイムテーブル";
			sourceTree = "<group>";
		};
		7EF2D8C91C9D4E77008F76E8 /* 講堂 */ = {
			isa = PBXGroup;
			children = (
				7ECB09CD1C9DACF9008DECDD /* 天使の歌声-タイムテーブル.png */,
				7EF2D8D91C9D4FAB008F76E8 /* ボールぽこぽこ-タイムテーブル.png */,
				7EF2D8DA1C9D4FAB008F76E8 /* ミュージックサロン-タイムテーブル.png */,
				7EF2D8DB1C9D4FAB008F76E8 /* 英語劇-タイムテーブル.png */,
			);
			name = "講堂";
			sourceTree = "<group>";
		};
		7EF2D8CA1C9D4E7C008F76E8 /* 小講堂 */ = {
			isa = PBXGroup;
			children = (
				7E0DC8B41C9D6B3500B45F37 /* 恋愛偏差値-タイムテーブル.png */,
				7E0DC8B21C9D673F00B45F37 /* 校長対談-タイムテーブル.png */,
				7E0DC8AA1C9D64A100B45F37 /* 数学研究会模擬講義-タイムテーブル.png */,
				7E0DC8A81C9D64A100B45F37 /* ミュージックサロン-タイムテーブル小講堂.png */,
			);
			name = "小講堂";
			sourceTree = "<group>";
		};
		7EF2D8CB1C9D4E82008F76E8 /* 外ステージ */ = {
			isa = PBXGroup;
			children = (
				7EF2D8E11C9D5101008F76E8 /* S-O-S-タイムテーブル.png */,
				7EF2D8E21C9D5101008F76E8 /* ギネスに挑戦！！-タイムテーブル.png */,
				7EF2D8E61C9D5101008F76E8 /* 替え歌選手権！！-タイムテーブル.png */,
				7ED6F5181CA418320077425C /* The-笑-1-GP-タイムテーブル.png */,
				7EF2D8E31C9D5101008F76E8 /* コミュ力の窓-タイムテーブル.png */,
				7EF2D8DF1C9D5101008F76E8 /* ○○男子No.1決定戦-タイムテーブル.png */,
				7EF2D8E41C9D5101008F76E8 /* のど自慢-タイムテーブル.png */,
				7EF2D8EF1C9D5549008F76E8 /* Mr.聖光-タイムテーブル.png */,
				7EF2D8E51C9D5101008F76E8 /* 春夜祭-タイムテーブル.png */,
			);
			name = "外ステージ";
			sourceTree = "<group>";
		};
		7EF2D8CC1C9D4E8A008F76E8 /* ライブハウス1 */ = {
			isa = PBXGroup;
			children = (
				7E0DC8A21C9D61AC00B45F37 /* Flat-Flight-タイムテーブル.png */,
				7EF2D8F21C9D57CE008F76E8 /* M&A-タイムテーブル.png */,
				7EF2D8F41C9D57CE008F76E8 /* 蜃気楼-タイムテーブル.png */,
				7E0DC89C1C9D5E8600B45F37 /* ぽんでっくす-タイムテーブル.png */,
			);
			name = "ライブハウス1";
			sourceTree = "<group>";
		};
		7EF2D8CD1C9D4E99008F76E8 /* ライブハウス2 */ = {
			isa = PBXGroup;
			children = (
				7E0DC8A41C9D631300B45F37 /* Chaos-Illusion-タイムテーブル.png */,
				7E0DC8A61C9D63F700B45F37 /* WEAK-END-タイムテーブル.png */,
				7EF2D8FC1C9D5A11008F76E8 /* エストレーラ-タイムテーブル.png */,
				7E0DC8A01C9D60EF00B45F37 /* Яooz-Leef-タイムテーブル.png */,
				7EB711861C9EDEF300E0F691 /* 奴等-タイムテーブル.png */,
			);
			name = "ライブハウス2";
			sourceTree = "<group>";
		};
		7EF2D8CE1C9D4EA6008F76E8 /* 体育館 */ = {
			isa = PBXGroup;
			children = (
			);
			name = "体育館";
			sourceTree = "<group>";
		};
		7EF2D8CF1C9D4EB4008F76E8 /* 武道場 */ = {
			isa = PBXGroup;
			children = (
			);
			name = "武道場";
			sourceTree = "<group>";
		};
		7EF2D8D01C9D4F07008F76E8 /* 1日目 */ = {
			isa = PBXGroup;
			children = (
				7EF2D8C91C9D4E77008F76E8 /* 講堂 */,
				7EF2D8CB1C9D4E82008F76E8 /* 外ステージ */,
				7EF2D8CC1C9D4E8A008F76E8 /* ライブハウス1 */,
				7EF2D8CD1C9D4E99008F76E8 /* ライブハウス2 */,
				7EF2D8CA1C9D4E7C008F76E8 /* 小講堂 */,
				7EF2D8CE1C9D4EA6008F76E8 /* 体育館 */,
				7EF2D8CF1C9D4EB4008F76E8 /* 武道場 */,
			);
			name = "1日目";
			sourceTree = "<group>";
		};
		FAA39B001C9D093200A1B697 /* 角丸アイコン */ = {
			isa = PBXGroup;
			children = (
				FAA39B011C9D126000A1B697 /* Food */,
				FAA39B0C1C9D131400A1B697 /* Display */,
				FAA39B231C9D18CF00A1B697 /* Band */,
				FAA39B281C9D1E8C00A1B697 /* Performance */,
				FAA39B431C9D230400A1B697 /* Stage */,
			);
			name = "角丸アイコン";
			sourceTree = "<group>";
		};
		FAA39B011C9D126000A1B697 /* Food */ = {
			isa = PBXGroup;
			children = (
				FAA39AF81C9D089C00A1B697 /* 鉄板職人.jpg */,
				FAA39AF61C9D089C00A1B697 /* 塩焼きそば　麺’sRUNRUN.png */,
				FAA39AF91C9D089C00A1B697 /* 麺☆恋.png */,
				FAA39AF71C9D089C00A1B697 /* 俺のケバブ.jpg */,
				FAA39B581C9D458600A1B697 /* 鳥角.png */,
				FAA39AF51C9D089C00A1B697 /* クレープブレーク.png */,
				FAA39AF41C9D089C00A1B697 /* Flapjack.png */,
				FAA39B531C9D458600A1B697 /* chocolat-π.png */,
				FAA39B541C9D458600A1B697 /* Juicy-Juicer.png */,
				FAA39B5A1C9D458600A1B697 /* 綿's-candy.png */,
				FAA39B591C9D458600A1B697 /* 氷菓.png */,
				FAA39B561C9D458600A1B697 /* 山手の泉.png */,
				FAA39B571C9D458600A1B697 /* 題名のない音楽喫茶.png */,
				FAA39B551C9D458600A1B697 /* 駅弁.png */,
			);
			name = Food;
			sourceTree = "<group>";
		};
		FAA39B0C1C9D131400A1B697 /* Display */ = {
			isa = PBXGroup;
			children = (
				FAA39B111C9D172200A1B697 /* 英語劇.png */,
				FA2383F31CA0A445003BBDA5 /* ポケモンセンターSeiko.png */,
				FA2383F51CA0A445003BBDA5 /* 宇宙戦艦ヤマト研究会.jpg */,
				FA2383F01CA0A445003BBDA5 /* とにかく明るいＦｅｓ村.png */,
				FAA39B0F1C9D172200A1B697 /* Trick×Hark.jpg */,
				FAF5D6EC1CA169F500C2EEDC /* ぎゃんぶる。.jpg */,
				FAA39B121C9D172200A1B697 /* 高3英語劇.png */,
				FA2383F81CA0A445003BBDA5 /* 交通研究部.jpg */,
				7ED6F5261CA41CB00077425C /* 藤子・Ｆ・不二雄研究会.png */,
				FA2383F11CA0A445003BBDA5 /* ベイスターズ研究会.jpg */,
				FA2384031CA0A445003BBDA5 /* 美術部.png */,
				FA2384061CA0A445003BBDA5 /* 魔女の卓球便.png */,
				FA2383FE1CA0A445003BBDA5 /* 聖光道場.jpg */,
				FAA39B131C9D172200A1B697 /* 迷いの国のアリス.png */,
				FA2383F41CA0A445003BBDA5 /* リアル野球盤.png */,
				FA2383F91CA0A445003BBDA5 /* 常夜灯.png */,
				FA2384011CA0A445003BBDA5 /* 地学天文学部.png */,
				FA2383FD1CA0A445003BBDA5 /* 聖光祭からの脱出.png */,
				FA2384041CA0A445003BBDA5 /* 物理科学部.png */,
				FA2383E81CA0A445003BBDA5 /* SeSDA〜聖光宇宙センター〜.jpg */,
				7ED6F5241CA41C9B0077425C /* 地理歴史巡検部.png */,
				FA2383EC1CA0A445003BBDA5 /* かるた会.jpg */,
				FA2383F21CA0A445003BBDA5 /* ボーカロイド研究会.png */,
				FA2384051CA0A445003BBDA5 /* 本の泉.png */,
				FA2383E71CA0A445003BBDA5 /* EHC Jurassic.jpg */,
				7ED6F51E1CA41C5C0077425C /* 早撃ちジョニー.png */,
				FA2383FA1CA0A445003BBDA5 /* 人狼の館.jpg */,
				7ED6F5281CA4208F0077425C /* 横浜漫才フィルム.png */,
				FA2383FC1CA0A445003BBDA5 /* 生物部.png */,
				7ED6F5201CA41C7F0077425C /* 78枚目のJOKER.png */,
				FA2383EB1CA0A445003BBDA5 /* アニメ研究会.png */,
				FA2383E91CA0A445003BBDA5 /* Shockers.jpg */,
				FA2383EF1CA0A445003BBDA5 /* コンピュータ部.jpg */,
				FA2383F71CA0A445003BBDA5 /* 古本市.png */,
				FAA39B101C9D172200A1B697 /* インターアクト.png */,
				FA2383EA1CA0A445003BBDA5 /* Showtime!.png */,
				FA2383EE1CA0A445003BBDA5 /* クイズ研究会.png */,
				7ED6F5221CA41C8E0077425C /* ぶいえいす.png */,
				FA2383FF1CA0A445003BBDA5 /* 聖書研究会.jpg */,
				FA2383FB1CA0A445003BBDA5 /* 数学研究会.png */,
			);
			name = Display;
			sourceTree = "<group>";
		};
		FAA39B231C9D18CF00A1B697 /* Band */ = {
			isa = PBXGroup;
			children = (
				FAA39B1A1C9D18CA00A1B697 /* M&A.png */,
				FAA39B191C9D18CA00A1B697 /* Flat-Flight.png */,
				FAA39B1D1C9D18CA00A1B697 /* 蜃気楼.png */,
				FAA39B1C1C9D18CA00A1B697 /* ぽんでっくす.png */,
				FAA39B1B1C9D18CA00A1B697 /* エストレーラ.png */,
				FA8098A61C9FF6B400B2E939 /* Яooz-Leef.png */,
				FAA39B261C9D190700A1B697 /* WEAK-END.png */,
				FA8098A41C9FF6B400B2E939 /* Million-Dollars.png */,
				7ED6F51A1CA419370077425C /* せいとんがかり.png */,
				FAA39B241C9D190100A1B697 /* Chaos-illusion.png */,
				FA8098A31C9FF6B400B2E939 /* Addiction？.png */,
				FA8098A51C9FF6B400B2E939 /* 奴等.png */,
			);
			name = Band;
			sourceTree = "<group>";
		};
		FAA39B281C9D1E8C00A1B697 /* Performance */ = {
			isa = PBXGroup;
			children = (
				FAA39B2D1C9D1EB100A1B697 /* Grand-Finale.png */,
				FAA39B291C9D1EA000A1B697 /* 英語劇講堂劇.png */,
				FAA39B2B1C9D1EAB00A1B697 /* ボールぽこぽこ.png */,
				7ED1CBFF1C9845CA00D4F038 /* グリークラブ.png */,
				FA0F10DE1C9E7F0300AF0155 /* 弦楽オーケストラ部.png */,
				FA0F10E51C9E7F1200AF0155 /* 恋愛偏差値.png */,
				7ED1CBFB1C9842A900D4F038 /* 校長対談.png */,
				FA0F10DF1C9E7F0300AF0155 /* 吹奏楽部.png */,
				FAA39B2F1C9D1F1400A1B697 /* ミュージックサロン.png */,
				FA0F10E01C9E7F0300AF0155 /* 天使の歌声.png */,
				FA0F10E41C9E7F1200AF0155 /* 数学研究会模擬講義.png */,
				FAF9527E1CA3CE8D00797796 /* 少林寺拳法部演武会.png */,
				FA0F10EA1C9E7F3100AF0155 /* 剣道部.png */,
			);
			name = Performance;
			sourceTree = "<group>";
		};
		FAA39B431C9D230400A1B697 /* Stage */ = {
			isa = PBXGroup;
			children = (
				FAA39B371C9D22FF00A1B697 /* フォークダンス.png */,
				FAA39B381C9D22FF00A1B697 /* 春夜祭.png */,
				FAA39B321C9D22FF00A1B697 /* Mr.聖光.png */,
				FAF5D6EE1CA1F94E00C2EEDC /* Seiko-Dance-Performance.png */,
				FAA39B361C9D22FF00A1B697 /* のど自慢.png */,
				FAA39B341C9D22FF00A1B697 /* ギネスに挑戦！！.png */,
				FAA39B351C9D22FF00A1B697 /* コミュ力の窓.png */,
				7ED6F51C1CA41BEC0077425C /* The 笑-1 GP.png */,
				FAA39B391C9D22FF00A1B697 /* 替え歌選手権.png */,
				FAA39B311C9D22FF00A1B697 /* ○○男子No.1決定戦.png */,
				FAA39B331C9D22FF00A1B697 /* S-O-S.png */,
			);
			name = Stage;
			sourceTree = "<group>";
		};
		FAA39B441C9D2D0400A1B697 /* バナー */ = {
			isa = PBXGroup;
			children = (
				FAA39B511C9D433900A1B697 /* Flat Flight バナー1.jpg */,
				FAA39B451C9D2D9300A1B697 /* ボールぽこぽこ バナー.jpg */,
				FAA39B461C9D2D9300A1B697 /* ミュージックサロン バナー.JPG */,
			);
			name = "バナー";
			sourceTree = "<group>";
		};
/* End PBXGroup section */

/* Begin PBXNativeTarget section */
		7E4D55A71C49315B00BFE19C /* Seiko Festa 57th */ = {
			isa = PBXNativeTarget;
			buildConfigurationList = 7E4D55CB1C49315C00BFE19C /* Build configuration list for PBXNativeTarget "Seiko Festa 57th" */;
			buildPhases = (
				7E4D55A41C49315B00BFE19C /* Sources */,
				7E4D55A51C49315B00BFE19C /* Frameworks */,
				7E4D55A61C49315B00BFE19C /* Resources */,
			);
			buildRules = (
			);
			dependencies = (
			);
			name = "Seiko Festa 57th";
			productName = "Seiko Festa 57th";
			productReference = 7E4D55A81C49315B00BFE19C /* Seiko Festa 57th.app */;
			productType = "com.apple.product-type.application";
		};
		7E4D55C01C49315C00BFE19C /* Seiko Festa 57thTests */ = {
			isa = PBXNativeTarget;
			buildConfigurationList = 7E4D55CE1C49315C00BFE19C /* Build configuration list for PBXNativeTarget "Seiko Festa 57thTests" */;
			buildPhases = (
				7E4D55BD1C49315C00BFE19C /* Sources */,
				7E4D55BE1C49315C00BFE19C /* Frameworks */,
				7E4D55BF1C49315C00BFE19C /* Resources */,
			);
			buildRules = (
			);
			dependencies = (
				7E4D55C31C49315C00BFE19C /* PBXTargetDependency */,
			);
			name = "Seiko Festa 57thTests";
			productName = "Seiko Festa 57thTests";
			productReference = 7E4D55C11C49315C00BFE19C /* Seiko Festa 57thTests.xctest */;
			productType = "com.apple.product-type.bundle.unit-test";
		};
/* End PBXNativeTarget section */

/* Begin PBXProject section */
		7E4D55A01C49315B00BFE19C /* Project object */ = {
			isa = PBXProject;
			attributes = {
				LastUpgradeCheck = 0620;
				ORGANIZATIONNAME = "Daisuke Masuda";
				TargetAttributes = {
					7E4D55A71C49315B00BFE19C = {
						CreatedOnToolsVersion = 6.2;
						DevelopmentTeam = 3GKM8LRN87;
					};
					7E4D55C01C49315C00BFE19C = {
						CreatedOnToolsVersion = 6.2;
						DevelopmentTeam = TAE9KC7SWK;
						TestTargetID = 7E4D55A71C49315B00BFE19C;
					};
				};
			};
			buildConfigurationList = 7E4D55A31C49315B00BFE19C /* Build configuration list for PBXProject "Seiko Festa 57th" */;
			compatibilityVersion = "Xcode 3.2";
			developmentRegion = English;
			hasScannedForEncodings = 0;
			knownRegions = (
				en,
				Base,
			);
			mainGroup = 7E4D559F1C49315B00BFE19C;
			productRefGroup = 7E4D55A91C49315B00BFE19C /* Products */;
			projectDirPath = "";
			projectRoot = "";
			targets = (
				7E4D55A71C49315B00BFE19C /* Seiko Festa 57th */,
				7E4D55C01C49315C00BFE19C /* Seiko Festa 57thTests */,
			);
		};
/* End PBXProject section */

/* Begin PBXResourcesBuildPhase section */
		7E4D55A61C49315B00BFE19C /* Resources */ = {
			isa = PBXResourcesBuildPhase;
			buildActionMask = 2147483647;
			files = (
				FA2384261CA0A445003BBDA5 /* 本の泉.png in Resources */,
				7E3FE6E81CA0278D000E0281 /* MyriadPro-Regular.otf in Resources */,
				7E0DC8A31C9D61AC00B45F37 /* Flat-Flight-タイムテーブル.png in Resources */,
				FAA39B2C1C9D1EAB00A1B697 /* ボールぽこぽこ.png in Resources */,
				FAA39B211C9D18CA00A1B697 /* ぽんでっくす.png in Resources */,
				7EF2D8F61C9D57CE008F76E8 /* M&A-タイムテーブル.png in Resources */,
				7EF2D8DC1C9D4FAB008F76E8 /* ボールぽこぽこ-タイムテーブル.png in Resources */,
				FA8098AA1C9FF6B400B2E939 /* Яooz-Leef.png in Resources */,
				FAA39AFB1C9D089C00A1B697 /* クレープブレーク.png in Resources */,
				7EF2D8EA1C9D5101008F76E8 /* ギネスに挑戦！！-タイムテーブル.png in Resources */,
				FA2384251CA0A445003BBDA5 /* 物理科学部.png in Resources */,
				FAA39B3A1C9D22FF00A1B697 /* ○○男子No.1決定戦.png in Resources */,
				FA0F10E21C9E7F0300AF0155 /* 吹奏楽部.png in Resources */,
				FA8098A71C9FF6B400B2E939 /* Addiction？.png in Resources */,
				FAA39B1E1C9D18CA00A1B697 /* Flat-Flight.png in Resources */,
				FA2384181CA0A445003BBDA5 /* 古本市.png in Resources */,
				FA2384241CA0A445003BBDA5 /* 美術部.png in Resources */,
				FAA39B2A1C9D1EA000A1B697 /* 英語劇講堂劇.png in Resources */,
				FA2384191CA0A445003BBDA5 /* 交通研究部.jpg in Resources */,
				FA2384111CA0A445003BBDA5 /* とにかく明るいＦｅｓ村.png in Resources */,
				FAA39B3D1C9D22FF00A1B697 /* ギネスに挑戦！！.png in Resources */,
				7E0DC8C91C9D7FAA00B45F37 /* Default-568h@2x.png in Resources */,
				FAA39B481C9D2D9300A1B697 /* ミュージックサロン バナー.JPG in Resources */,
				FA2384091CA0A445003BBDA5 /* SeSDA〜聖光宇宙センター〜.jpg in Resources */,
				FA0F10E11C9E7F0300AF0155 /* 弦楽オーケストラ部.png in Resources */,
				FAA39B5B1C9D458600A1B697 /* chocolat-π.png in Resources */,
				7ED1CC001C9845CA00D4F038 /* グリークラブ.png in Resources */,
				FAA39B421C9D22FF00A1B697 /* 替え歌選手権.png in Resources */,
				FAA39B3C1C9D22FF00A1B697 /* S-O-S.png in Resources */,
				FA2384151CA0A445003BBDA5 /* リアル野球盤.png in Resources */,
				7EF2D8E91C9D5101008F76E8 /* S-O-S-タイムテーブル.png in Resources */,
				FAA39AFF1C9D089C00A1B697 /* 麺☆恋.png in Resources */,
				7E4D55B71C49315C00BFE19C /* Main.storyboard in Resources */,
				7EF2D8ED1C9D5101008F76E8 /* 春夜祭-タイムテーブル.png in Resources */,
				7ED6F51B1CA419370077425C /* せいとんがかり.png in Resources */,
				7EF2D9011C9D5A11008F76E8 /* エストレーラ-タイムテーブル.png in Resources */,
				FAA39B3F1C9D22FF00A1B697 /* のど自慢.png in Resources */,
				FA0F10EB1C9E7F3100AF0155 /* 剣道部.png in Resources */,
				FAF5D6EF1CA1F94E00C2EEDC /* Seiko-Dance-Performance.png in Resources */,
				FAA39B151C9D172200A1B697 /* インターアクト.png in Resources */,
				7E0DC8B31C9D673F00B45F37 /* 校長対談-タイムテーブル.png in Resources */,
				FA2384161CA0A445003BBDA5 /* 宇宙戦艦ヤマト研究会.jpg in Resources */,
				7E0DC8B51C9D6B3500B45F37 /* 恋愛偏差値-タイムテーブル.png in Resources */,
				7EF2D8F81C9D57CE008F76E8 /* 蜃気楼-タイムテーブル.png in Resources */,
				FA6CEB911CA026CB002571EF /* Coming-Soon.jpg in Resources */,
				7E0DC8AB1C9D64A100B45F37 /* ミュージックサロン-タイムテーブル小講堂.png in Resources */,
				7ED6F51D1CA41BEC0077425C /* The 笑-1 GP.png in Resources */,
				FAA39AFA1C9D089C00A1B697 /* Flapjack.png in Resources */,
				FA0F10E71C9E7F1200AF0155 /* 恋愛偏差値.png in Resources */,
				FA8098A91C9FF6B400B2E939 /* 奴等.png in Resources */,
				FAA39B221C9D18CA00A1B697 /* 蜃気楼.png in Resources */,
				7E0DC8C51C9D7E9800B45F37 /* icon-60@2x.png in Resources */,
				FAA39B1F1C9D18CA00A1B697 /* M&A.png in Resources */,
				7E0DC8C41C9D7E9800B45F37 /* icon-40@3x.png in Resources */,
				FAA39B141C9D172200A1B697 /* Trick×Hark.jpg in Resources */,
				FAA39B611C9D458600A1B697 /* 氷菓.png in Resources */,
				FAA39B4D1C9D330E00A1B697 /* map.jpg in Resources */,
				FA2384221CA0A445003BBDA5 /* 地学天文学部.png in Resources */,
				7ED1CBFC1C9842A900D4F038 /* 校長対談.png in Resources */,
				FAA39B4C1C9D330E00A1B697 /* Left.png in Resources */,
				7EF2D8DE1C9D4FAB008F76E8 /* 英語劇-タイムテーブル.png in Resources */,
				7EF2D8F01C9D5549008F76E8 /* Mr.聖光-タイムテーブル.png in Resources */,
				7EF2D8E71C9D5101008F76E8 /* ○○男子No.1決定戦-タイムテーブル.png in Resources */,
				7E0DC8C61C9D7E9800B45F37 /* icon-60@3x.png in Resources */,
				FAA39B401C9D22FF00A1B697 /* フォークダンス.png in Resources */,
				FAA39B471C9D2D9300A1B697 /* ボールぽこぽこ バナー.jpg in Resources */,
				FA2384101CA0A445003BBDA5 /* コンピュータ部.jpg in Resources */,
				FA23840F1CA0A445003BBDA5 /* クイズ研究会.png in Resources */,
				7E0DC8B91C9D73F800B45F37 /* Home-50.png in Resources */,
				FAF9527F1CA3CE8D00797796 /* 少林寺拳法部演武会.png in Resources */,
				FAA39B181C9D172200A1B697 /* 迷いの国のアリス.png in Resources */,
				FAA39B171C9D172200A1B697 /* 高3英語劇.png in Resources */,
				7ED6F5291CA4208F0077425C /* 横浜漫才フィルム.png in Resources */,
				7ED6F5191CA418320077425C /* The-笑-1-GP-タイムテーブル.png in Resources */,
				7E4D55B91C49315C00BFE19C /* Images.xcassets in Resources */,
				7E0DC89D1C9D5E8600B45F37 /* ぽんでっくす-タイムテーブル.png in Resources */,
				FA2384141CA0A445003BBDA5 /* ポケモンセンターSeiko.png in Resources */,
				FA0F10E31C9E7F0300AF0155 /* 天使の歌声.png in Resources */,
				7E0DC8AD1C9D64A100B45F37 /* 数学研究会模擬講義-タイムテーブル.png in Resources */,
				FA2384131CA0A445003BBDA5 /* ボーカロイド研究会.png in Resources */,
				FAA39B3E1C9D22FF00A1B697 /* コミュ力の窓.png in Resources */,
				FAA39B301C9D1F1400A1B697 /* ミュージックサロン.png in Resources */,
				7E0DC8CA1C9D7FAA00B45F37 /* Default@2x.png in Resources */,
				7ED6F51F1CA41C5C0077425C /* 早撃ちジョニー.png in Resources */,
				7E0DC8C11C9D7E9800B45F37 /* icon-29@2x.png in Resources */,
				7EF2D8EB1C9D5101008F76E8 /* コミュ力の窓-タイムテーブル.png in Resources */,
				FAA39AFC1C9D089C00A1B697 /* 塩焼きそば　麺’sRUNRUN.png in Resources */,
				7ED6F5251CA41C9B0077425C /* 地理歴史巡検部.png in Resources */,
				FAA39B601C9D458600A1B697 /* 鳥角.png in Resources */,
				FA2384271CA0A445003BBDA5 /* 魔女の卓球便.png in Resources */,
				FAA39B4E1C9D330E00A1B697 /* Right.png in Resources */,
				7E0DC8C21C9D7E9800B45F37 /* icon-29@3x.png in Resources */,
				FAA39B621C9D458600A1B697 /* 綿's-candy.png in Resources */,
				FAA39B411C9D22FF00A1B697 /* 春夜祭.png in Resources */,
				FA8098A81C9FF6B400B2E939 /* Million-Dollars.png in Resources */,
				FAA39B5C1C9D458600A1B697 /* Juicy-Juicer.png in Resources */,
				FA23841C1CA0A445003BBDA5 /* 数学研究会.png in Resources */,
				FAA39B5D1C9D458600A1B697 /* 駅弁.png in Resources */,
				FA2384121CA0A445003BBDA5 /* ベイスターズ研究会.jpg in Resources */,
				7ECB09CE1C9DACF9008DECDD /* 天使の歌声-タイムテーブル.png in Resources */,
				FAA39AFD1C9D089C00A1B697 /* 俺のケバブ.jpg in Resources */,
				FAA39B521C9D433900A1B697 /* Flat Flight バナー1.jpg in Resources */,
				FAA39AFE1C9D089C00A1B697 /* 鉄板職人.jpg in Resources */,
				FA23841E1CA0A445003BBDA5 /* 聖光祭からの脱出.png in Resources */,
				FA23841B1CA0A445003BBDA5 /* 人狼の館.jpg in Resources */,
				FA23840B1CA0A445003BBDA5 /* Showtime!.png in Resources */,
				7ED6F5231CA41C8E0077425C /* ぶいえいす.png in Resources */,
				FA2384081CA0A445003BBDA5 /* EHC Jurassic.jpg in Resources */,
				7ED6F5271CA41CB00077425C /* 藤子・Ｆ・不二雄研究会.png in Resources */,
				7E0DC8C31C9D7E9800B45F37 /* icon-40@2x.png in Resources */,
				7EF2D8DD1C9D4FAB008F76E8 /* ミュージックサロン-タイムテーブル.png in Resources */,
				FAA39B3B1C9D22FF00A1B697 /* Mr.聖光.png in Resources */,
				FA23840D1CA0A445003BBDA5 /* かるた会.jpg in Resources */,
				FA23841F1CA0A445003BBDA5 /* 聖光道場.jpg in Resources */,
				FAF5D6ED1CA169F500C2EEDC /* ぎゃんぶる。.jpg in Resources */,
				7E0DC8B71C9D73D700B45F37 /* clock-7.png in Resources */,
				FAA39B2E1C9D1EB100A1B697 /* Grand-Finale.png in Resources */,
				7ED6F5211CA41C7F0077425C /* 78枚目のJOKER.png in Resources */,
				FA2384201CA0A445003BBDA5 /* 聖書研究会.jpg in Resources */,
				FAA39B161C9D172200A1B697 /* 英語劇.png in Resources */,
				FAA39B5E1C9D458600A1B697 /* 山手の泉.png in Resources */,
				FAA39B201C9D18CA00A1B697 /* エストレーラ.png in Resources */,
				FA0F10E61C9E7F1200AF0155 /* 数学研究会模擬講義.png in Resources */,
				7EF2D8EE1C9D5101008F76E8 /* 替え歌選手権！！-タイムテーブル.png in Resources */,
				7E0DC8A11C9D60EF00B45F37 /* Яooz-Leef-タイムテーブル.png in Resources */,
				7EF2D8EC1C9D5101008F76E8 /* のど自慢-タイムテーブル.png in Resources */,
				FAA39B251C9D190100A1B697 /* Chaos-illusion.png in Resources */,
				FAA39B271C9D190700A1B697 /* WEAK-END.png in Resources */,
				7E0DC8A51C9D631300B45F37 /* Chaos-Illusion-タイムテーブル.png in Resources */,
				FA23840A1CA0A445003BBDA5 /* Shockers.jpg in Resources */,
				FA23841D1CA0A445003BBDA5 /* 生物部.png in Resources */,
				FA23840C1CA0A445003BBDA5 /* アニメ研究会.png in Resources */,
				7E0DC8A71C9D63F700B45F37 /* WEAK-END-タイムテーブル.png in Resources */,
				FA23841A1CA0A445003BBDA5 /* 常夜灯.png in Resources */,
				7EB711871C9EDEF300E0F691 /* 奴等-タイムテーブル.png in Resources */,
				FAA39B5F1C9D458600A1B697 /* 題名のない音楽喫茶.png in Resources */,
			);
			runOnlyForDeploymentPostprocessing = 0;
		};
		7E4D55BF1C49315C00BFE19C /* Resources */ = {
			isa = PBXResourcesBuildPhase;
			buildActionMask = 2147483647;
			files = (
			);
			runOnlyForDeploymentPostprocessing = 0;
		};
/* End PBXResourcesBuildPhase section */

/* Begin PBXSourcesBuildPhase section */
		7E4D55A41C49315B00BFE19C /* Sources */ = {
			isa = PBXSourcesBuildPhase;
			buildActionMask = 2147483647;
			files = (
				FABB0BDF1C560EEC0009ABAA /* ListView.m in Sources */,
				7E4D55B41C49315C00BFE19C /* ViewController.m in Sources */,
				7E3EB47B1C79DAB900F3B2A0 /* TimetableViewController.m in Sources */,
				FABB0BE21C560F040009ABAA /* DetailView.m in Sources */,
				7E4D55B11C49315C00BFE19C /* AppDelegate.m in Sources */,
				7E4D55AE1C49315C00BFE19C /* main.m in Sources */,
			);
			runOnlyForDeploymentPostprocessing = 0;
		};
		7E4D55BD1C49315C00BFE19C /* Sources */ = {
			isa = PBXSourcesBuildPhase;
			buildActionMask = 2147483647;
			files = (
				7E4D55C81C49315C00BFE19C /* Seiko_Festa_57thTests.m in Sources */,
			);
			runOnlyForDeploymentPostprocessing = 0;
		};
/* End PBXSourcesBuildPhase section */

/* Begin PBXTargetDependency section */
		7E4D55C31C49315C00BFE19C /* PBXTargetDependency */ = {
			isa = PBXTargetDependency;
			target = 7E4D55A71C49315B00BFE19C /* Seiko Festa 57th */;
			targetProxy = 7E4D55C21C49315C00BFE19C /* PBXContainerItemProxy */;
		};
/* End PBXTargetDependency section */

/* Begin PBXVariantGroup section */
		7E4D55B51C49315C00BFE19C /* Main.storyboard */ = {
			isa = PBXVariantGroup;
			children = (
				7E4D55B61C49315C00BFE19C /* Base */,
			);
			name = Main.storyboard;
			sourceTree = "<group>";
		};
/* End PBXVariantGroup section */

/* Begin XCBuildConfiguration section */
		7E4D55C91C49315C00BFE19C /* Debug */ = {
			isa = XCBuildConfiguration;
			buildSettings = {
				ALWAYS_SEARCH_USER_PATHS = NO;
				CLANG_CXX_LANGUAGE_STANDARD = "gnu++0x";
				CLANG_CXX_LIBRARY = "libc++";
				CLANG_ENABLE_MODULES = YES;
				CLANG_ENABLE_OBJC_ARC = YES;
				CLANG_WARN_BOOL_CONVERSION = YES;
				CLANG_WARN_CONSTANT_CONVERSION = YES;
				CLANG_WARN_DIRECT_OBJC_ISA_USAGE = YES_ERROR;
				CLANG_WARN_EMPTY_BODY = YES;
				CLANG_WARN_ENUM_CONVERSION = YES;
				CLANG_WARN_INT_CONVERSION = YES;
				CLANG_WARN_OBJC_ROOT_CLASS = YES_ERROR;
				CLANG_WARN_UNREACHABLE_CODE = YES;
				CLANG_WARN__DUPLICATE_METHOD_MATCH = YES;
				"CODE_SIGN_IDENTITY[sdk=iphoneos*]" = "iPhone Developer";
				COPY_PHASE_STRIP = NO;
				ENABLE_STRICT_OBJC_MSGSEND = YES;
				GCC_C_LANGUAGE_STANDARD = gnu99;
				GCC_DYNAMIC_NO_PIC = NO;
				GCC_OPTIMIZATION_LEVEL = 0;
				GCC_PREPROCESSOR_DEFINITIONS = (
					"DEBUG=1",
					"$(inherited)",
				);
				GCC_SYMBOLS_PRIVATE_EXTERN = NO;
				GCC_WARN_64_TO_32_BIT_CONVERSION = YES;
				GCC_WARN_ABOUT_RETURN_TYPE = YES_ERROR;
				GCC_WARN_UNDECLARED_SELECTOR = YES;
				GCC_WARN_UNINITIALIZED_AUTOS = YES_AGGRESSIVE;
				GCC_WARN_UNUSED_FUNCTION = YES;
				GCC_WARN_UNUSED_VARIABLE = YES;
				IPHONEOS_DEPLOYMENT_TARGET = 7.0;
				MTL_ENABLE_DEBUG_INFO = YES;
				ONLY_ACTIVE_ARCH = YES;
				SDKROOT = iphoneos;
			};
			name = Debug;
		};
		7E4D55CA1C49315C00BFE19C /* Release */ = {
			isa = XCBuildConfiguration;
			buildSettings = {
				ALWAYS_SEARCH_USER_PATHS = NO;
				CLANG_CXX_LANGUAGE_STANDARD = "gnu++0x";
				CLANG_CXX_LIBRARY = "libc++";
				CLANG_ENABLE_MODULES = YES;
				CLANG_ENABLE_OBJC_ARC = YES;
				CLANG_WARN_BOOL_CONVERSION = YES;
				CLANG_WARN_CONSTANT_CONVERSION = YES;
				CLANG_WARN_DIRECT_OBJC_ISA_USAGE = YES_ERROR;
				CLANG_WARN_EMPTY_BODY = YES;
				CLANG_WARN_ENUM_CONVERSION = YES;
				CLANG_WARN_INT_CONVERSION = YES;
				CLANG_WARN_OBJC_ROOT_CLASS = YES_ERROR;
				CLANG_WARN_UNREACHABLE_CODE = YES;
				CLANG_WARN__DUPLICATE_METHOD_MATCH = YES;
				"CODE_SIGN_IDENTITY[sdk=iphoneos*]" = "iPhone Developer";
				COPY_PHASE_STRIP = NO;
				ENABLE_NS_ASSERTIONS = NO;
				ENABLE_STRICT_OBJC_MSGSEND = YES;
				GCC_C_LANGUAGE_STANDARD = gnu99;
				GCC_WARN_64_TO_32_BIT_CONVERSION = YES;
				GCC_WARN_ABOUT_RETURN_TYPE = YES_ERROR;
				GCC_WARN_UNDECLARED_SELECTOR = YES;
				GCC_WARN_UNINITIALIZED_AUTOS = YES_AGGRESSIVE;
				GCC_WARN_UNUSED_FUNCTION = YES;
				GCC_WARN_UNUSED_VARIABLE = YES;
				IPHONEOS_DEPLOYMENT_TARGET = 7.0;
				MTL_ENABLE_DEBUG_INFO = NO;
				SDKROOT = iphoneos;
				VALIDATE_PRODUCT = YES;
			};
			name = Release;
		};
		7E4D55CC1C49315C00BFE19C /* Debug */ = {
			isa = XCBuildConfiguration;
			buildSettings = {
				ASSETCATALOG_COMPILER_APPICON_NAME = AppIcon;
				ASSETCATALOG_COMPILER_LAUNCHIMAGE_NAME = LaunchImage;
				CODE_SIGN_IDENTITY = "iPhone Developer";
				"CODE_SIGN_IDENTITY[sdk=iphoneos*]" = "iPhone Developer";
				INFOPLIST_FILE = "Seiko Festa 57th/Info.plist";
				IPHONEOS_DEPLOYMENT_TARGET = 7.0;
				LD_RUNPATH_SEARCH_PATHS = "$(inherited) @executable_path/Frameworks";
				PRODUCT_NAME = "$(TARGET_NAME)";
				PROVISIONING_PROFILE = "";
			};
			name = Debug;
		};
		7E4D55CD1C49315C00BFE19C /* Release */ = {
			isa = XCBuildConfiguration;
			buildSettings = {
				ASSETCATALOG_COMPILER_APPICON_NAME = AppIcon;
				ASSETCATALOG_COMPILER_LAUNCHIMAGE_NAME = LaunchImage;
				CODE_SIGN_IDENTITY = "iPhone Developer";
				"CODE_SIGN_IDENTITY[sdk=iphoneos*]" = "iPhone Developer";
				INFOPLIST_FILE = "Seiko Festa 57th/Info.plist";
				IPHONEOS_DEPLOYMENT_TARGET = 7.0;
				LD_RUNPATH_SEARCH_PATHS = "$(inherited) @executable_path/Frameworks";
				PRODUCT_NAME = "$(TARGET_NAME)";
				PROVISIONING_PROFILE = "";
			};
			name = Release;
		};
		7E4D55CF1C49315C00BFE19C /* Debug */ = {
			isa = XCBuildConfiguration;
			buildSettings = {
				BUNDLE_LOADER = "$(TEST_HOST)";
				FRAMEWORK_SEARCH_PATHS = (
					"$(SDKROOT)/Developer/Library/Frameworks",
					"$(inherited)",
				);
				GCC_PREPROCESSOR_DEFINITIONS = (
					"DEBUG=1",
					"$(inherited)",
				);
				INFOPLIST_FILE = "Seiko Festa 57thTests/Info.plist";
				LD_RUNPATH_SEARCH_PATHS = "$(inherited) @executable_path/Frameworks @loader_path/Frameworks";
				PRODUCT_NAME = "$(TARGET_NAME)";
				TEST_HOST = "$(BUILT_PRODUCTS_DIR)/Seiko Festa 57th.app/Seiko Festa 57th";
			};
			name = Debug;
		};
		7E4D55D01C49315C00BFE19C /* Release */ = {
			isa = XCBuildConfiguration;
			buildSettings = {
				BUNDLE_LOADER = "$(TEST_HOST)";
				FRAMEWORK_SEARCH_PATHS = (
					"$(SDKROOT)/Developer/Library/Frameworks",
					"$(inherited)",
				);
				INFOPLIST_FILE = "Seiko Festa 57thTests/Info.plist";
				LD_RUNPATH_SEARCH_PATHS = "$(inherited) @executable_path/Frameworks @loader_path/Frameworks";
				PRODUCT_NAME = "$(TARGET_NAME)";
				TEST_HOST = "$(BUILT_PRODUCTS_DIR)/Seiko Festa 57th.app/Seiko Festa 57th";
			};
			name = Release;
		};
/* End XCBuildConfiguration section */

/* Begin XCConfigurationList section */
		7E4D55A31C49315B00BFE19C /* Build configuration list for PBXProject "Seiko Festa 57th" */ = {
			isa = XCConfigurationList;
			buildConfigurations = (
				7E4D55C91C49315C00BFE19C /* Debug */,
				7E4D55CA1C49315C00BFE19C /* Release */,
			);
			defaultConfigurationIsVisible = 0;
			defaultConfigurationName = Release;
		};
		7E4D55CB1C49315C00BFE19C /* Build configuration list for PBXNativeTarget "Seiko Festa 57th" */ = {
			isa = XCConfigurationList;
			buildConfigurations = (
				7E4D55CC1C49315C00BFE19C /* Debug */,
				7E4D55CD1C49315C00BFE19C /* Release */,
			);
			defaultConfigurationIsVisible = 0;
			defaultConfigurationName = Release;
		};
		7E4D55CE1C49315C00BFE19C /* Build configuration list for PBXNativeTarget "Seiko Festa 57thTests" */ = {
			isa = XCConfigurationList;
			buildConfigurations = (
				7E4D55CF1C49315C00BFE19C /* Debug */,
				7E4D55D01C49315C00BFE19C /* Release */,
			);
			defaultConfigurationIsVisible = 0;
			defaultConfigurationName = Release;
		};
/* End XCConfigurationList section */
	};
	rootObject = 7E4D55A01C49315B00BFE19C /* Project object */;
}
